// !$*UTF8*$!
{
	archiveVersion = 1;
	classes = {
	};
	objectVersion = 46;
	objects = {

/* Begin PBXBuildFile section */
		DD2959D618794B0C003EC0FD /* EditImageController.m in Sources */ = {isa = PBXBuildFile; fileRef = DD2959D518794B0C003EC0FD /* EditImageController.m */; };
		DD2959DD187979A8003EC0FD /* AppDelegate.m in Sources */ = {isa = PBXBuildFile; fileRef = DDCAF5E71876A80A001196D4 /* AppDelegate.m */; };
		DD2959DE187979AD003EC0FD /* ViewController.m in Sources */ = {isa = PBXBuildFile; fileRef = DDCAF5F31876A80A001196D4 /* ViewController.m */; };
		DD2959DF187979B8003EC0FD /* EditImageController.m in Sources */ = {isa = PBXBuildFile; fileRef = DD2959D518794B0C003EC0FD /* EditImageController.m */; };
		DD2959E1187982B7003EC0FD /* guter.png in Resources */ = {isa = PBXBuildFile; fileRef = DD2959E0187982B7003EC0FD /* guter.png */; };
		DD2959E318798304003EC0FD /* sax.png in Resources */ = {isa = PBXBuildFile; fileRef = DD2959E218798304003EC0FD /* sax.png */; };
		DD2959E518799089003EC0FD /* AVFoundation.framework in Frameworks */ = {isa = PBXBuildFile; fileRef = DD2959E418799089003EC0FD /* AVFoundation.framework */; };
		DD2959E718799096003EC0FD /* CoreMedia.framework in Frameworks */ = {isa = PBXBuildFile; fileRef = DD2959E618799096003EC0FD /* CoreMedia.framework */; };
		DD2959E9187990A2003EC0FD /* CoreVideo.framework in Frameworks */ = {isa = PBXBuildFile; fileRef = DD2959E8187990A2003EC0FD /* CoreVideo.framework */; };
		DD2959EA187990BB003EC0FD /* CoreGraphics.framework in Frameworks */ = {isa = PBXBuildFile; fileRef = DDCAF5DB1876A80A001196D4 /* CoreGraphics.framework */; };
		DD295A0918799A92003EC0FD /* ImageFilterBase.m in Sources */ = {isa = PBXBuildFile; fileRef = DD2959F418799A8D003EC0FD /* ImageFilterBase.m */; };
		DD295A0A18799A92003EC0FD /* SettingViewController.m in Sources */ = {isa = PBXBuildFile; fileRef = DD2959F618799A8D003EC0FD /* SettingViewController.m */; };
		DD295A0B18799A92003EC0FD /* BrightnessFilter.m in Sources */ = {isa = PBXBuildFile; fileRef = DD2959F818799A8E003EC0FD /* BrightnessFilter.m */; };
		DD295A0C18799A92003EC0FD /* GrayScaleFilter.m in Sources */ = {isa = PBXBuildFile; fileRef = DD2959FA18799A8E003EC0FD /* GrayScaleFilter.m */; };
		DD295A0D18799A92003EC0FD /* SepiaFilter.m in Sources */ = {isa = PBXBuildFile; fileRef = DD2959FC18799A8E003EC0FD /* SepiaFilter.m */; };
		DD295A0E18799A92003EC0FD /* MosaicFilter.m in Sources */ = {isa = PBXBuildFile; fileRef = DD2959FE18799A8F003EC0FD /* MosaicFilter.m */; };
		DD295A0F18799A92003EC0FD /* FishEyeFilter.m in Sources */ = {isa = PBXBuildFile; fileRef = DD295A0018799A8F003EC0FD /* FishEyeFilter.m */; };
		DD295A1018799A92003EC0FD /* GaussianFilter.m in Sources */ = {isa = PBXBuildFile; fileRef = DD295A0218799A90003EC0FD /* GaussianFilter.m */; };
		DD295A1118799A92003EC0FD /* EdgeFindFilter.m in Sources */ = {isa = PBXBuildFile; fileRef = DD295A0418799A90003EC0FD /* EdgeFindFilter.m */; };
		DD295A1218799A92003EC0FD /* FaceFindFilter.m in Sources */ = {isa = PBXBuildFile; fileRef = DD295A0618799A90003EC0FD /* FaceFindFilter.m */; };
		DD295A1318799A92003EC0FD /* MultiMonitorFilter.m in Sources */ = {isa = PBXBuildFile; fileRef = DD295A0818799A92003EC0FD /* MultiMonitorFilter.m */; };
		DD295A151879AC0D003EC0FD /* QuartzCore.framework in Frameworks */ = {isa = PBXBuildFile; fileRef = DD295A141879AC0D003EC0FD /* QuartzCore.framework */; };
		DDCAF5D81876A80A001196D4 /* UIKit.framework in Frameworks */ = {isa = PBXBuildFile; fileRef = DDCAF5D71876A80A001196D4 /* UIKit.framework */; };
		DDCAF5DA1876A80A001196D4 /* Foundation.framework in Frameworks */ = {isa = PBXBuildFile; fileRef = DDCAF5D91876A80A001196D4 /* Foundation.framework */; };
		DDCAF5DC1876A80A001196D4 /* CoreGraphics.framework in Frameworks */ = {isa = PBXBuildFile; fileRef = DDCAF5DB1876A80A001196D4 /* CoreGraphics.framework */; };
		DDCAF5E21876A80A001196D4 /* InfoPlist.strings in Resources */ = {isa = PBXBuildFile; fileRef = DDCAF5E01876A80A001196D4 /* InfoPlist.strings */; };
		DDCAF5E41876A80A001196D4 /* main.m in Sources */ = {isa = PBXBuildFile; fileRef = DDCAF5E31876A80A001196D4 /* main.m */; };
		DDCAF5E81876A80A001196D4 /* AppDelegate.m in Sources */ = {isa = PBXBuildFile; fileRef = DDCAF5E71876A80A001196D4 /* AppDelegate.m */; };
		DDCAF5EA1876A80A001196D4 /* Default.png in Resources */ = {isa = PBXBuildFile; fileRef = DDCAF5E91876A80A001196D4 /* Default.png */; };
		DDCAF5EC1876A80A001196D4 /* Default@2x.png in Resources */ = {isa = PBXBuildFile; fileRef = DDCAF5EB1876A80A001196D4 /* Default@2x.png */; };
		DDCAF5EE1876A80A001196D4 /* Default-568h@2x.png in Resources */ = {isa = PBXBuildFile; fileRef = DDCAF5ED1876A80A001196D4 /* Default-568h@2x.png */; };
		DDCAF5F11876A80A001196D4 /* MainStoryboard.storyboard in Resources */ = {isa = PBXBuildFile; fileRef = DDCAF5EF1876A80A001196D4 /* MainStoryboard.storyboard */; };
		DDCAF5F41876A80A001196D4 /* ViewController.m in Sources */ = {isa = PBXBuildFile; fileRef = DDCAF5F31876A80A001196D4 /* ViewController.m */; };
		DDCAF5FC1876A80A001196D4 /* SenTestingKit.framework in Frameworks */ = {isa = PBXBuildFile; fileRef = DDCAF5FB1876A80A001196D4 /* SenTestingKit.framework */; };
		DDCAF5FD1876A80A001196D4 /* UIKit.framework in Frameworks */ = {isa = PBXBuildFile; fileRef = DDCAF5D71876A80A001196D4 /* UIKit.framework */; };
		DDCAF5FE1876A80A001196D4 /* Foundation.framework in Frameworks */ = {isa = PBXBuildFile; fileRef = DDCAF5D91876A80A001196D4 /* Foundation.framework */; };
		DDCAF6061876A80A001196D4 /* InfoPlist.strings in Resources */ = {isa = PBXBuildFile; fileRef = DDCAF6041876A80A001196D4 /* InfoPlist.strings */; };
		DDCAF6091876A80A001196D4 /* WeddingCameraTests.m in Sources */ = {isa = PBXBuildFile; fileRef = DDCAF6081876A80A001196D4 /* WeddingCameraTests.m */; };
/* End PBXBuildFile section */

/* Begin PBXContainerItemProxy section */
		DDCAF5FF1876A80A001196D4 /* PBXContainerItemProxy */ = {
			isa = PBXContainerItemProxy;
			containerPortal = DDCAF5CA1876A80A001196D4 /* Project object */;
			proxyType = 1;
			remoteGlobalIDString = DDCAF5D21876A80A001196D4;
			remoteInfo = WeddingCamera;
		};
/* End PBXContainerItemProxy section */

/* Begin PBXFileReference section */
		DD2959D418794B0C003EC0FD /* EditImageController.h */ = {isa = PBXFileReference; fileEncoding = 4; lastKnownFileType = sourcecode.c.h; path = EditImageController.h; sourceTree = "<group>"; };
		DD2959D518794B0C003EC0FD /* EditImageController.m */ = {isa = PBXFileReference; fileEncoding = 4; lastKnownFileType = sourcecode.c.objc; path = EditImageController.m; sourceTree = "<group>"; };
		DD2959E0187982B7003EC0FD /* guter.png */ = {isa = PBXFileReference; lastKnownFileType = image.png; path = guter.png; sourceTree = "<group>"; };
		DD2959E218798304003EC0FD /* sax.png */ = {isa = PBXFileReference; lastKnownFileType = image.png; path = sax.png; sourceTree = "<group>"; };
		DD2959E418799089003EC0FD /* AVFoundation.framework */ = {isa = PBXFileReference; lastKnownFileType = wrapper.framework; name = AVFoundation.framework; path = System/Library/Frameworks/AVFoundation.framework; sourceTree = SDKROOT; };
		DD2959E618799096003EC0FD /* CoreMedia.framework */ = {isa = PBXFileReference; lastKnownFileType = wrapper.framework; name = CoreMedia.framework; path = System/Library/Frameworks/CoreMedia.framework; sourceTree = SDKROOT; };
		DD2959E8187990A2003EC0FD /* CoreVideo.framework */ = {isa = PBXFileReference; lastKnownFileType = wrapper.framework; name = CoreVideo.framework; path = System/Library/Frameworks/CoreVideo.framework; sourceTree = SDKROOT; };
		DD2959F318799A8D003EC0FD /* ImageFilterBase.h */ = {isa = PBXFileReference; fileEncoding = 4; lastKnownFileType = sourcecode.c.h; path = ImageFilterBase.h; sourceTree = "<group>"; };
		DD2959F418799A8D003EC0FD /* ImageFilterBase.m */ = {isa = PBXFileReference; fileEncoding = 4; lastKnownFileType = sourcecode.c.objc; path = ImageFilterBase.m; sourceTree = "<group>"; };
		DD2959F518799A8D003EC0FD /* SettingViewController.h */ = {isa = PBXFileReference; fileEncoding = 4; lastKnownFileType = sourcecode.c.h; path = SettingViewController.h; sourceTree = "<group>"; };
		DD2959F618799A8D003EC0FD /* SettingViewController.m */ = {isa = PBXFileReference; fileEncoding = 4; lastKnownFileType = sourcecode.c.objc; path = SettingViewController.m; sourceTree = "<group>"; };
		DD2959F718799A8E003EC0FD /* BrightnessFilter.h */ = {isa = PBXFileReference; fileEncoding = 4; lastKnownFileType = sourcecode.c.h; path = BrightnessFilter.h; sourceTree = "<group>"; };
		DD2959F818799A8E003EC0FD /* BrightnessFilter.m */ = {isa = PBXFileReference; fileEncoding = 4; lastKnownFileType = sourcecode.c.objc; path = BrightnessFilter.m; sourceTree = "<group>"; };
		DD2959F918799A8E003EC0FD /* GrayScaleFilter.h */ = {isa = PBXFileReference; fileEncoding = 4; lastKnownFileType = sourcecode.c.h; path = GrayScaleFilter.h; sourceTree = "<group>"; };
		DD2959FA18799A8E003EC0FD /* GrayScaleFilter.m */ = {isa = PBXFileReference; fileEncoding = 4; lastKnownFileType = sourcecode.c.objc; path = GrayScaleFilter.m; sourceTree = "<group>"; };
		DD2959FB18799A8E003EC0FD /* SepiaFilter.h */ = {isa = PBXFileReference; fileEncoding = 4; lastKnownFileType = sourcecode.c.h; path = SepiaFilter.h; sourceTree = "<group>"; };
		DD2959FC18799A8E003EC0FD /* SepiaFilter.m */ = {isa = PBXFileReference; fileEncoding = 4; lastKnownFileType = sourcecode.c.objc; path = SepiaFilter.m; sourceTree = "<group>"; };
		DD2959FD18799A8E003EC0FD /* MosaicFilter.h */ = {isa = PBXFileReference; fileEncoding = 4; lastKnownFileType = sourcecode.c.h; path = MosaicFilter.h; sourceTree = "<group>"; };
		DD2959FE18799A8F003EC0FD /* MosaicFilter.m */ = {isa = PBXFileReference; fileEncoding = 4; lastKnownFileType = sourcecode.c.objc; path = MosaicFilter.m; sourceTree = "<group>"; };
		DD2959FF18799A8F003EC0FD /* FishEyeFilter.h */ = {isa = PBXFileReference; fileEncoding = 4; lastKnownFileType = sourcecode.c.h; path = FishEyeFilter.h; sourceTree = "<group>"; };
		DD295A0018799A8F003EC0FD /* FishEyeFilter.m */ = {isa = PBXFileReference; fileEncoding = 4; lastKnownFileType = sourcecode.c.objc; path = FishEyeFilter.m; sourceTree = "<group>"; };
		DD295A0118799A8F003EC0FD /* GaussianFilter.h */ = {isa = PBXFileReference; fileEncoding = 4; lastKnownFileType = sourcecode.c.h; path = GaussianFilter.h; sourceTree = "<group>"; };
		DD295A0218799A90003EC0FD /* GaussianFilter.m */ = {isa = PBXFileReference; fileEncoding = 4; lastKnownFileType = sourcecode.c.objc; path = GaussianFilter.m; sourceTree = "<group>"; };
		DD295A0318799A90003EC0FD /* EdgeFindFilter.h */ = {isa = PBXFileReference; fileEncoding = 4; lastKnownFileType = sourcecode.c.h; path = EdgeFindFilter.h; sourceTree = "<group>"; };
		DD295A0418799A90003EC0FD /* EdgeFindFilter.m */ = {isa = PBXFileReference; fileEncoding = 4; lastKnownFileType = sourcecode.c.objc; path = EdgeFindFilter.m; sourceTree = "<group>"; };
		DD295A0518799A90003EC0FD /* FaceFindFilter.h */ = {isa = PBXFileReference; fileEncoding = 4; lastKnownFileType = sourcecode.c.h; path = FaceFindFilter.h; sourceTree = "<group>"; };
		DD295A0618799A90003EC0FD /* FaceFindFilter.m */ = {isa = PBXFileReference; fileEncoding = 4; lastKnownFileType = sourcecode.c.objc; path = FaceFindFilter.m; sourceTree = "<group>"; };
		DD295A0718799A91003EC0FD /* MultiMonitorFilter.h */ = {isa = PBXFileReference; fileEncoding = 4; lastKnownFileType = sourcecode.c.h; path = MultiMonitorFilter.h; sourceTree = "<group>"; };
		DD295A0818799A92003EC0FD /* MultiMonitorFilter.m */ = {isa = PBXFileReference; fileEncoding = 4; lastKnownFileType = sourcecode.c.objc; path = MultiMonitorFilter.m; sourceTree = "<group>"; };
		DD295A141879AC0D003EC0FD /* QuartzCore.framework */ = {isa = PBXFileReference; lastKnownFileType = wrapper.framework; name = QuartzCore.framework; path = System/Library/Frameworks/QuartzCore.framework; sourceTree = SDKROOT; };
		DDCAF5D31876A80A001196D4 /* WeddingCamera.app */ = {isa = PBXFileReference; explicitFileType = wrapper.application; includeInIndex = 0; path = WeddingCamera.app; sourceTree = BUILT_PRODUCTS_DIR; };
		DDCAF5D71876A80A001196D4 /* UIKit.framework */ = {isa = PBXFileReference; lastKnownFileType = wrapper.framework; name = UIKit.framework; path = System/Library/Frameworks/UIKit.framework; sourceTree = SDKROOT; };
		DDCAF5D91876A80A001196D4 /* Foundation.framework */ = {isa = PBXFileReference; lastKnownFileType = wrapper.framework; name = Foundation.framework; path = System/Library/Frameworks/Foundation.framework; sourceTree = SDKROOT; };
		DDCAF5DB1876A80A001196D4 /* CoreGraphics.framework */ = {isa = PBXFileReference; lastKnownFileType = wrapper.framework; name = CoreGraphics.framework; path = System/Library/Frameworks/CoreGraphics.framework; sourceTree = SDKROOT; };
		DDCAF5DF1876A80A001196D4 /* WeddingCamera-Info.plist */ = {isa = PBXFileReference; lastKnownFileType = text.plist.xml; path = "WeddingCamera-Info.plist"; sourceTree = "<group>"; };
		DDCAF5E11876A80A001196D4 /* en */ = {isa = PBXFileReference; lastKnownFileType = text.plist.strings; name = en; path = en.lproj/InfoPlist.strings; sourceTree = "<group>"; };
		DDCAF5E31876A80A001196D4 /* main.m */ = {isa = PBXFileReference; lastKnownFileType = sourcecode.c.objc; path = main.m; sourceTree = "<group>"; };
		DDCAF5E51876A80A001196D4 /* WeddingCamera-Prefix.pch */ = {isa = PBXFileReference; lastKnownFileType = sourcecode.c.h; path = "WeddingCamera-Prefix.pch"; sourceTree = "<group>"; };
		DDCAF5E61876A80A001196D4 /* AppDelegate.h */ = {isa = PBXFileReference; lastKnownFileType = sourcecode.c.h; path = AppDelegate.h; sourceTree = "<group>"; };
		DDCAF5E71876A80A001196D4 /* AppDelegate.m */ = {isa = PBXFileReference; lastKnownFileType = sourcecode.c.objc; path = AppDelegate.m; sourceTree = "<group>"; };
		DDCAF5E91876A80A001196D4 /* Default.png */ = {isa = PBXFileReference; lastKnownFileType = image.png; path = Default.png; sourceTree = "<group>"; };
		DDCAF5EB1876A80A001196D4 /* Default@2x.png */ = {isa = PBXFileReference; lastKnownFileType = image.png; path = "Default@2x.png"; sourceTree = "<group>"; };
		DDCAF5ED1876A80A001196D4 /* Default-568h@2x.png */ = {isa = PBXFileReference; lastKnownFileType = image.png; path = "Default-568h@2x.png"; sourceTree = "<group>"; };
		DDCAF5F01876A80A001196D4 /* en */ = {isa = PBXFileReference; lastKnownFileType = file.storyboard; name = en; path = en.lproj/MainStoryboard.storyboard; sourceTree = "<group>"; };
		DDCAF5F21876A80A001196D4 /* ViewController.h */ = {isa = PBXFileReference; lastKnownFileType = sourcecode.c.h; path = ViewController.h; sourceTree = "<group>"; };
		DDCAF5F31876A80A001196D4 /* ViewController.m */ = {isa = PBXFileReference; lastKnownFileType = sourcecode.c.objc; path = ViewController.m; sourceTree = "<group>"; };
		DDCAF5FA1876A80A001196D4 /* WeddingCameraTests.octest */ = {isa = PBXFileReference; explicitFileType = wrapper.cfbundle; includeInIndex = 0; path = WeddingCameraTests.octest; sourceTree = BUILT_PRODUCTS_DIR; };
		DDCAF5FB1876A80A001196D4 /* SenTestingKit.framework */ = {isa = PBXFileReference; lastKnownFileType = wrapper.framework; name = SenTestingKit.framework; path = Library/Frameworks/SenTestingKit.framework; sourceTree = DEVELOPER_DIR; };
		DDCAF6031876A80A001196D4 /* WeddingCameraTests-Info.plist */ = {isa = PBXFileReference; lastKnownFileType = text.plist.xml; path = "WeddingCameraTests-Info.plist"; sourceTree = "<group>"; };
		DDCAF6051876A80A001196D4 /* en */ = {isa = PBXFileReference; lastKnownFileType = text.plist.strings; name = en; path = en.lproj/InfoPlist.strings; sourceTree = "<group>"; };
		DDCAF6071876A80A001196D4 /* WeddingCameraTests.h */ = {isa = PBXFileReference; lastKnownFileType = sourcecode.c.h; path = WeddingCameraTests.h; sourceTree = "<group>"; };
		DDCAF6081876A80A001196D4 /* WeddingCameraTests.m */ = {isa = PBXFileReference; lastKnownFileType = sourcecode.c.objc; path = WeddingCameraTests.m; sourceTree = "<group>"; };
/* End PBXFileReference section */

/* Begin PBXFrameworksBuildPhase section */
		DDCAF5D01876A80A001196D4 /* Frameworks */ = {
			isa = PBXFrameworksBuildPhase;
			buildActionMask = 2147483647;
			files = (
				DDCAF5D81876A80A001196D4 /* UIKit.framework in Frameworks */,
				DDCAF5DA1876A80A001196D4 /* Foundation.framework in Frameworks */,
				DDCAF5DC1876A80A001196D4 /* CoreGraphics.framework in Frameworks */,
			);
			runOnlyForDeploymentPostprocessing = 0;
		};
		DDCAF5F61876A80A001196D4 /* Frameworks */ = {
			isa = PBXFrameworksBuildPhase;
			buildActionMask = 2147483647;
			files = (
				DD295A151879AC0D003EC0FD /* QuartzCore.framework in Frameworks */,
				DD2959EA187990BB003EC0FD /* CoreGraphics.framework in Frameworks */,
				DD2959E9187990A2003EC0FD /* CoreVideo.framework in Frameworks */,
				DD2959E718799096003EC0FD /* CoreMedia.framework in Frameworks */,
				DD2959E518799089003EC0FD /* AVFoundation.framework in Frameworks */,
				DDCAF5FC1876A80A001196D4 /* SenTestingKit.framework in Frameworks */,
				DDCAF5FD1876A80A001196D4 /* UIKit.framework in Frameworks */,
				DDCAF5FE1876A80A001196D4 /* Foundation.framework in Frameworks */,
			);
			runOnlyForDeploymentPostprocessing = 0;
		};
/* End PBXFrameworksBuildPhase section */

/* Begin PBXGroup section */
		DDCAF5C81876A80A001196D4 = {
			isa = PBXGroup;
			children = (
				DD295A141879AC0D003EC0FD /* QuartzCore.framework */,
				DD2959E8187990A2003EC0FD /* CoreVideo.framework */,
				DD2959E618799096003EC0FD /* CoreMedia.framework */,
				DD2959E418799089003EC0FD /* AVFoundation.framework */,
				DDCAF5DD1876A80A001196D4 /* WeddingCamera */,
				DDCAF6011876A80A001196D4 /* WeddingCameraTests */,
				DDCAF5D61876A80A001196D4 /* Frameworks */,
				DDCAF5D41876A80A001196D4 /* Products */,
			);
			sourceTree = "<group>";
		};
		DDCAF5D41876A80A001196D4 /* Products */ = {
			isa = PBXGroup;
			children = (
				DDCAF5D31876A80A001196D4 /* WeddingCamera.app */,
				DDCAF5FA1876A80A001196D4 /* WeddingCameraTests.octest */,
			);
			name = Products;
			sourceTree = "<group>";
		};
		DDCAF5D61876A80A001196D4 /* Frameworks */ = {
			isa = PBXGroup;
			children = (
				DDCAF5D71876A80A001196D4 /* UIKit.framework */,
				DDCAF5D91876A80A001196D4 /* Foundation.framework */,
				DDCAF5DB1876A80A001196D4 /* CoreGraphics.framework */,
				DDCAF5FB1876A80A001196D4 /* SenTestingKit.framework */,
			);
			name = Frameworks;
			sourceTree = "<group>";
		};
		DDCAF5DD1876A80A001196D4 /* WeddingCamera */ = {
			isa = PBXGroup;
			children = (
				DDCAF5E61876A80A001196D4 /* AppDelegate.h */,
				DDCAF5E71876A80A001196D4 /* AppDelegate.m */,
				DDCAF5EF1876A80A001196D4 /* MainStoryboard.storyboard */,
				DDCAF5F21876A80A001196D4 /* ViewController.h */,
				DDCAF5F31876A80A001196D4 /* ViewController.m */,
				DD2959D418794B0C003EC0FD /* EditImageController.h */,
				DD2959D518794B0C003EC0FD /* EditImageController.m */,
				DD2959F318799A8D003EC0FD /* ImageFilterBase.h */,
				DD2959F418799A8D003EC0FD /* ImageFilterBase.m */,
				DD2959F518799A8D003EC0FD /* SettingViewController.h */,
				DD2959F618799A8D003EC0FD /* SettingViewController.m */,
				DD2959F718799A8E003EC0FD /* BrightnessFilter.h */,
				DD2959F818799A8E003EC0FD /* BrightnessFilter.m */,
				DD2959F918799A8E003EC0FD /* GrayScaleFilter.h */,
				DD2959FA18799A8E003EC0FD /* GrayScaleFilter.m */,
				DD2959FB18799A8E003EC0FD /* SepiaFilter.h */,
				DD2959FC18799A8E003EC0FD /* SepiaFilter.m */,
				DD2959FD18799A8E003EC0FD /* MosaicFilter.h */,
				DD2959FE18799A8F003EC0FD /* MosaicFilter.m */,
				DD2959FF18799A8F003EC0FD /* FishEyeFilter.h */,
				DD295A0018799A8F003EC0FD /* FishEyeFilter.m */,
				DD295A0118799A8F003EC0FD /* GaussianFilter.h */,
				DD295A0218799A90003EC0FD /* GaussianFilter.m */,
				DD295A0318799A90003EC0FD /* EdgeFindFilter.h */,
				DD295A0418799A90003EC0FD /* EdgeFindFilter.m */,
				DD295A0518799A90003EC0FD /* FaceFindFilter.h */,
				DD295A0618799A90003EC0FD /* FaceFindFilter.m */,
				DD2959E218798304003EC0FD /* sax.png */,
				DD295A0718799A91003EC0FD /* MultiMonitorFilter.h */,
				DD295A0818799A92003EC0FD /* MultiMonitorFilter.m */,
				DDCAF5DE1876A80A001196D4 /* Supporting Files */,
			);
			path = WeddingCamera;
			sourceTree = "<group>";
		};
		DDCAF5DE1876A80A001196D4 /* Supporting Files */ = {
			isa = PBXGroup;
			children = (
				DDCAF5DF1876A80A001196D4 /* WeddingCamera-Info.plist */,
				DDCAF5E01876A80A001196D4 /* InfoPlist.strings */,
				DDCAF5E31876A80A001196D4 /* main.m */,
				DDCAF5E51876A80A001196D4 /* WeddingCamera-Prefix.pch */,
				DD2959E0187982B7003EC0FD /* guter.png */,
				DDCAF5E91876A80A001196D4 /* Default.png */,
				DDCAF5EB1876A80A001196D4 /* Default@2x.png */,
				DDCAF5ED1876A80A001196D4 /* Default-568h@2x.png */,
			);
			name = "Supporting Files";
			sourceTree = "<group>";
		};
		DDCAF6011876A80A001196D4 /* WeddingCameraTests */ = {
			isa = PBXGroup;
			children = (
				DDCAF6071876A80A001196D4 /* WeddingCameraTests.h */,
				DDCAF6081876A80A001196D4 /* WeddingCameraTests.m */,
				DDCAF6021876A80A001196D4 /* Supporting Files */,
			);
			path = WeddingCameraTests;
			sourceTree = "<group>";
		};
		DDCAF6021876A80A001196D4 /* Supporting Files */ = {
			isa = PBXGroup;
			children = (
				DDCAF6031876A80A001196D4 /* WeddingCameraTests-Info.plist */,
				DDCAF6041876A80A001196D4 /* InfoPlist.strings */,
			);
			name = "Supporting Files";
			sourceTree = "<group>";
		};
/* End PBXGroup section */

/* Begin PBXNativeTarget section */
		DDCAF5D21876A80A001196D4 /* WeddingCamera */ = {
			isa = PBXNativeTarget;
			buildConfigurationList = DDCAF60C1876A80A001196D4 /* Build configuration list for PBXNativeTarget "WeddingCamera" */;
			buildPhases = (
				DDCAF5CF1876A80A001196D4 /* Sources */,
				DDCAF5D01876A80A001196D4 /* Frameworks */,
				DDCAF5D11876A80A001196D4 /* Resources */,
			);
			buildRules = (
			);
			dependencies = (
			);
			name = WeddingCamera;
			productName = WeddingCamera;
			productReference = DDCAF5D31876A80A001196D4 /* WeddingCamera.app */;
			productType = "com.apple.product-type.application";
		};
		DDCAF5F91876A80A001196D4 /* WeddingCameraTests */ = {
			isa = PBXNativeTarget;
			buildConfigurationList = DDCAF60F1876A80A001196D4 /* Build configuration list for PBXNativeTarget "WeddingCameraTests" */;
			buildPhases = (
				DDCAF5F51876A80A001196D4 /* Sources */,
				DDCAF5F61876A80A001196D4 /* Frameworks */,
				DDCAF5F71876A80A001196D4 /* Resources */,
				DDCAF5F81876A80A001196D4 /* ShellScript */,
			);
			buildRules = (
			);
			dependencies = (
				DDCAF6001876A80A001196D4 /* PBXTargetDependency */,
			);
			name = WeddingCameraTests;
			productName = WeddingCameraTests;
			productReference = DDCAF5FA1876A80A001196D4 /* WeddingCameraTests.octest */;
			productType = "com.apple.product-type.bundle";
		};
/* End PBXNativeTarget section */

/* Begin PBXProject section */
		DDCAF5CA1876A80A001196D4 /* Project object */ = {
			isa = PBXProject;
			attributes = {
				LastUpgradeCheck = 0450;
				ORGANIZATIONNAME = "Rie Ito";
			};
			buildConfigurationList = DDCAF5CD1876A80A001196D4 /* Build configuration list for PBXProject "WeddingCamera" */;
			compatibilityVersion = "Xcode 3.2";
			developmentRegion = English;
			hasScannedForEncodings = 0;
			knownRegions = (
				en,
			);
			mainGroup = DDCAF5C81876A80A001196D4;
			productRefGroup = DDCAF5D41876A80A001196D4 /* Products */;
			projectDirPath = "";
			projectRoot = "";
			targets = (
				DDCAF5D21876A80A001196D4 /* WeddingCamera */,
				DDCAF5F91876A80A001196D4 /* WeddingCameraTests */,
			);
		};
/* End PBXProject section */

/* Begin PBXResourcesBuildPhase section */
		DDCAF5D11876A80A001196D4 /* Resources */ = {
			isa = PBXResourcesBuildPhase;
			buildActionMask = 2147483647;
			files = (
				DDCAF5E21876A80A001196D4 /* InfoPlist.strings in Resources */,
				DDCAF5EA1876A80A001196D4 /* Default.png in Resources */,
				DDCAF5EC1876A80A001196D4 /* Default@2x.png in Resources */,
				DDCAF5EE1876A80A001196D4 /* Default-568h@2x.png in Resources */,
				DDCAF5F11876A80A001196D4 /* MainStoryboard.storyboard in Resources */,
				DD2959E1187982B7003EC0FD /* guter.png in Resources */,
				DD2959E318798304003EC0FD /* sax.png in Resources */,
			);
			runOnlyForDeploymentPostprocessing = 0;
		};
		DDCAF5F71876A80A001196D4 /* Resources */ = {
			isa = PBXResourcesBuildPhase;
			buildActionMask = 2147483647;
			files = (
				DDCAF6061876A80A001196D4 /* InfoPlist.strings in Resources */,
			);
			runOnlyForDeploymentPostprocessing = 0;
		};
/* End PBXResourcesBuildPhase section */

/* Begin PBXShellScriptBuildPhase section */
		DDCAF5F81876A80A001196D4 /* ShellScript */ = {
			isa = PBXShellScriptBuildPhase;
			buildActionMask = 2147483647;
			files = (
			);
			inputPaths = (
			);
			outputPaths = (
			);
			runOnlyForDeploymentPostprocessing = 0;
			shellPath = /bin/sh;
			shellScript = "# Run the unit tests in this test bundle.\n\"${SYSTEM_DEVELOPER_DIR}/Tools/RunUnitTests\"\n";
		};
/* End PBXShellScriptBuildPhase section */

/* Begin PBXSourcesBuildPhase section */
		DDCAF5CF1876A80A001196D4 /* Sources */ = {
			isa = PBXSourcesBuildPhase;
			buildActionMask = 2147483647;
			files = (
				DDCAF5E41876A80A001196D4 /* main.m in Sources */,
				DDCAF5E81876A80A001196D4 /* AppDelegate.m in Sources */,
				DDCAF5F41876A80A001196D4 /* ViewController.m in Sources */,
				DD2959D618794B0C003EC0FD /* EditImageController.m in Sources */,
			);
			runOnlyForDeploymentPostprocessing = 0;
		};
		DDCAF5F51876A80A001196D4 /* Sources */ = {
			isa = PBXSourcesBuildPhase;
			buildActionMask = 2147483647;
			files = (
				DD2959DF187979B8003EC0FD /* EditImageController.m in Sources */,
				DD2959DE187979AD003EC0FD /* ViewController.m in Sources */,
				DD2959DD187979A8003EC0FD /* AppDelegate.m in Sources */,
				DDCAF6091876A80A001196D4 /* WeddingCameraTests.m in Sources */,
				DD295A0918799A92003EC0FD /* ImageFilterBase.m in Sources */,
				DD295A0A18799A92003EC0FD /* SettingViewController.m in Sources */,
				DD295A0B18799A92003EC0FD /* BrightnessFilter.m in Sources */,
				DD295A0C18799A92003EC0FD /* GrayScaleFilter.m in Sources */,
				DD295A0D18799A92003EC0FD /* SepiaFilter.m in Sources */,
				DD295A0E18799A92003EC0FD /* MosaicFilter.m in Sources */,
				DD295A0F18799A92003EC0FD /* FishEyeFilter.m in Sources */,
				DD295A1018799A92003EC0FD /* GaussianFilter.m in Sources */,
				DD295A1118799A92003EC0FD /* EdgeFindFilter.m in Sources */,
				DD295A1218799A92003EC0FD /* FaceFindFilter.m in Sources */,
				DD295A1318799A92003EC0FD /* MultiMonitorFilter.m in Sources */,
			);
			runOnlyForDeploymentPostprocessing = 0;
		};
/* End PBXSourcesBuildPhase section */

/* Begin PBXTargetDependency section */
		DDCAF6001876A80A001196D4 /* PBXTargetDependency */ = {
			isa = PBXTargetDependency;
			target = DDCAF5D21876A80A001196D4 /* WeddingCamera */;
			targetProxy = DDCAF5FF1876A80A001196D4 /* PBXContainerItemProxy */;
		};
/* End PBXTargetDependency section */

/* Begin PBXVariantGroup section */
		DDCAF5E01876A80A001196D4 /* InfoPlist.strings */ = {
			isa = PBXVariantGroup;
			children = (
				DDCAF5E11876A80A001196D4 /* en */,
			);
			name = InfoPlist.strings;
			sourceTree = "<group>";
		};
		DDCAF5EF1876A80A001196D4 /* MainStoryboard.storyboard */ = {
			isa = PBXVariantGroup;
			children = (
				DDCAF5F01876A80A001196D4 /* en */,
			);
			name = MainStoryboard.storyboard;
			sourceTree = "<group>";
		};
		DDCAF6041876A80A001196D4 /* InfoPlist.strings */ = {
			isa = PBXVariantGroup;
			children = (
				DDCAF6051876A80A001196D4 /* en */,
			);
			name = InfoPlist.strings;
			sourceTree = "<group>";
		};
/* End PBXVariantGroup section */

/* Begin XCBuildConfiguration section */
		DDCAF60A1876A80A001196D4 /* Debug */ = {
			isa = XCBuildConfiguration;
			buildSettings = {
				ALWAYS_SEARCH_USER_PATHS = NO;
				CLANG_CXX_LANGUAGE_STANDARD = "gnu++0x";
				CLANG_CXX_LIBRARY = "libc++";
				CLANG_ENABLE_OBJC_ARC = YES;
				CLANG_WARN_EMPTY_BODY = YES;
				CLANG_WARN__DUPLICATE_METHOD_MATCH = YES;
				"CODE_SIGN_IDENTITY[sdk=iphoneos*]" = "iPhone Developer";
				COPY_PHASE_STRIP = NO;
				GCC_C_LANGUAGE_STANDARD = gnu99;
				GCC_DYNAMIC_NO_PIC = NO;
				GCC_OPTIMIZATION_LEVEL = 0;
				GCC_PREPROCESSOR_DEFINITIONS = (
					"DEBUG=1",
					"$(inherited)",
				);
				GCC_SYMBOLS_PRIVATE_EXTERN = NO;
				GCC_WARN_ABOUT_RETURN_TYPE = YES;
				GCC_WARN_UNINITIALIZED_AUTOS = YES;
				GCC_WARN_UNUSED_VARIABLE = YES;
				IPHONEOS_DEPLOYMENT_TARGET = 6.0;
				ONLY_ACTIVE_ARCH = YES;
				SDKROOT = iphoneos;
			};
			name = Debug;
		};
		DDCAF60B1876A80A001196D4 /* Release */ = {
			isa = XCBuildConfiguration;
			buildSettings = {
				ALWAYS_SEARCH_USER_PATHS = NO;
				CLANG_CXX_LANGUAGE_STANDARD = "gnu++0x";
				CLANG_CXX_LIBRARY = "libc++";
				CLANG_ENABLE_OBJC_ARC = YES;
				CLANG_WARN_EMPTY_BODY = YES;
				CLANG_WARN__DUPLICATE_METHOD_MATCH = YES;
				"CODE_SIGN_IDENTITY[sdk=iphoneos*]" = "iPhone Developer";
				COPY_PHASE_STRIP = YES;
				GCC_C_LANGUAGE_STANDARD = gnu99;
				GCC_WARN_ABOUT_RETURN_TYPE = YES;
				GCC_WARN_UNINITIALIZED_AUTOS = YES;
				GCC_WARN_UNUSED_VARIABLE = YES;
				IPHONEOS_DEPLOYMENT_TARGET = 6.0;
				OTHER_CFLAGS = "-DNS_BLOCK_ASSERTIONS=1";
				SDKROOT = iphoneos;
				VALIDATE_PRODUCT = YES;
			};
			name = Release;
		};
		DDCAF60D1876A80A001196D4 /* Debug */ = {
			isa = XCBuildConfiguration;
			buildSettings = {
				GCC_PRECOMPILE_PREFIX_HEADER = YES;
				GCC_PREFIX_HEADER = "WeddingCamera/WeddingCamera-Prefix.pch";
				INFOPLIST_FILE = "WeddingCamera/WeddingCamera-Info.plist";
				PRODUCT_NAME = "$(TARGET_NAME)";
				WRAPPER_EXTENSION = app;
			};
			name = Debug;
		};
		DDCAF60E1876A80A001196D4 /* Release */ = {
			isa = XCBuildConfiguration;
			buildSettings = {
				GCC_PRECOMPILE_PREFIX_HEADER = YES;
				GCC_PREFIX_HEADER = "WeddingCamera/WeddingCamera-Prefix.pch";
				INFOPLIST_FILE = "WeddingCamera/WeddingCamera-Info.plist";
				PRODUCT_NAME = "$(TARGET_NAME)";
				WRAPPER_EXTENSION = app;
			};
			name = Release;
		};
		DDCAF6101876A80A001196D4 /* Debug */ = {
			isa = XCBuildConfiguration;
			buildSettings = {
				BUNDLE_LOADER = "$(BUILT_PRODUCTS_DIR)/WeddingCamera.app/WeddingCamera";
				FRAMEWORK_SEARCH_PATHS = (
					"\"$(SDKROOT)/Developer/Library/Frameworks\"",
					"\"$(DEVELOPER_LIBRARY_DIR)/Frameworks\"",
				);
				GCC_PRECOMPILE_PREFIX_HEADER = YES;
				GCC_PREFIX_HEADER = "WeddingCamera/WeddingCamera-Prefix.pch";
				INFOPLIST_FILE = "WeddingCameraTests/WeddingCameraTests-Info.plist";
				PRODUCT_NAME = "$(TARGET_NAME)";
				TEST_HOST = "$(BUNDLE_LOADER)";
				WRAPPER_EXTENSION = octest;
			};
			name = Debug;
		};
		DDCAF6111876A80A001196D4 /* Release */ = {
			isa = XCBuildConfiguration;
			buildSettings = {
				BUNDLE_LOADER = "$(BUILT_PRODUCTS_DIR)/WeddingCamera.app/WeddingCamera";
				FRAMEWORK_SEARCH_PATHS = (
					"\"$(SDKROOT)/Developer/Library/Frameworks\"",
					"\"$(DEVELOPER_LIBRARY_DIR)/Frameworks\"",
				);
				GCC_PRECOMPILE_PREFIX_HEADER = YES;
				GCC_PREFIX_HEADER = "WeddingCamera/WeddingCamera-Prefix.pch";
				INFOPLIST_FILE = "WeddingCameraTests/WeddingCameraTests-Info.plist";
				PRODUCT_NAME = "$(TARGET_NAME)";
				TEST_HOST = "$(BUNDLE_LOADER)";
				WRAPPER_EXTENSION = octest;
			};
			name = Release;
		};
/* End XCBuildConfiguration section */

/* Begin XCConfigurationList section */
		DDCAF5CD1876A80A001196D4 /* Build configuration list for PBXProject "WeddingCamera" */ = {
			isa = XCConfigurationList;
			buildConfigurations = (
				DDCAF60A1876A80A001196D4 /* Debug */,
				DDCAF60B1876A80A001196D4 /* Release */,
			);
			defaultConfigurationIsVisible = 0;
			defaultConfigurationName = Release;
		};
		DDCAF60C1876A80A001196D4 /* Build configuration list for PBXNativeTarget "WeddingCamera" */ = {
			isa = XCConfigurationList;
			buildConfigurations = (
				DDCAF60D1876A80A001196D4 /* Debug */,
				DDCAF60E1876A80A001196D4 /* Release */,
			);
			defaultConfigurationIsVisible = 0;
			defaultConfigurationName = Release;
		};
		DDCAF60F1876A80A001196D4 /* Build configuration list for PBXNativeTarget "WeddingCameraTests" */ = {
			isa = XCConfigurationList;
			buildConfigurations = (
				DDCAF6101876A80A001196D4 /* Debug */,
				DDCAF6111876A80A001196D4 /* Release */,
			);
			defaultConfigurationIsVisible = 0;
			defaultConfigurationName = Release;
		};
/* End XCConfigurationList section */
	};
	rootObject = DDCAF5CA1876A80A001196D4 /* Project object */;
}
