// !$*UTF8*$!
{
	archiveVersion = 1;
	classes = {
	};
	objectVersion = 46;
	objects = {

/* Begin PBXBuildFile section */
		58050258189D5A250036C06D /* CoreVideo.framework in Frameworks */ = {isa = PBXBuildFile; fileRef = DD2959E8187990A2003EC0FD /* CoreVideo.framework */; };
		58050259189D5A300036C06D /* CoreMedia.framework in Frameworks */ = {isa = PBXBuildFile; fileRef = DD2959E618799096003EC0FD /* CoreMedia.framework */; };
		5805025A189D5A3D0036C06D /* AVFoundation.framework in Frameworks */ = {isa = PBXBuildFile; fileRef = DD2959E418799089003EC0FD /* AVFoundation.framework */; };
		5824CDCA189E161C00DAD954 /* libc++.dylib in Frameworks */ = {isa = PBXBuildFile; fileRef = 5824CDC9189E161C00DAD954 /* libc++.dylib */; };
		5824CDCC189E162B00DAD954 /* libstdc++.dylib in Frameworks */ = {isa = PBXBuildFile; fileRef = 5824CDCB189E162B00DAD954 /* libstdc++.dylib */; };
		5824CDCE189E197200DAD954 /* opencv2.framework in Frameworks */ = {isa = PBXBuildFile; fileRef = 5824CDCD189E197200DAD954 /* opencv2.framework */; };
		5834CC43189DF091008D20CD /* ImageFilterBase.mm in Sources */ = {isa = PBXBuildFile; fileRef = DD2959F418799A8D003EC0FD /* ImageFilterBase.mm */; };
		5834CC44189DF09E008D20CD /* BrightnessFilter.mm in Sources */ = {isa = PBXBuildFile; fileRef = DD2959F818799A8E003EC0FD /* BrightnessFilter.mm */; };
		5834CC45189DF0AB008D20CD /* MultiMonitorFilter.mm in Sources */ = {isa = PBXBuildFile; fileRef = DD295A0818799A92003EC0FD /* MultiMonitorFilter.mm */; };
		5834CC46189DF0B3008D20CD /* FaceFindFilter.mm in Sources */ = {isa = PBXBuildFile; fileRef = DD295A0618799A90003EC0FD /* FaceFindFilter.mm */; };
		5834CC47189DF0BB008D20CD /* EdgeFindFilter.mm in Sources */ = {isa = PBXBuildFile; fileRef = DD295A0418799A90003EC0FD /* EdgeFindFilter.mm */; };
		5834CC48189DF0C2008D20CD /* GaussianFilter.mm in Sources */ = {isa = PBXBuildFile; fileRef = DD295A0218799A90003EC0FD /* GaussianFilter.mm */; };
		5834CC49189DF0CB008D20CD /* FishEyeFilter.mm in Sources */ = {isa = PBXBuildFile; fileRef = DD295A0018799A8F003EC0FD /* FishEyeFilter.mm */; };
		5834CC4A189DF0D2008D20CD /* MosaicFilter.mm in Sources */ = {isa = PBXBuildFile; fileRef = DD2959FE18799A8F003EC0FD /* MosaicFilter.mm */; };
		5834CC4B189DF0D9008D20CD /* SepiaFilter.mm in Sources */ = {isa = PBXBuildFile; fileRef = DD2959FC18799A8E003EC0FD /* SepiaFilter.mm */; };
		5834CC4C189DF0E1008D20CD /* GrayScaleFilter.mm in Sources */ = {isa = PBXBuildFile; fileRef = DD2959FA18799A8E003EC0FD /* GrayScaleFilter.mm */; };
		DD07377218FA6662007FA9B8 /* categoryButton_1.png in Resources */ = {isa = PBXBuildFile; fileRef = DD07376818FA6662007FA9B8 /* categoryButton_1.png */; };
		DD07377318FA6662007FA9B8 /* categoryButton_1@2x.png in Resources */ = {isa = PBXBuildFile; fileRef = DD07376918FA6662007FA9B8 /* categoryButton_1@2x.png */; };
		DD07377418FA6662007FA9B8 /* categoryButton_2.png in Resources */ = {isa = PBXBuildFile; fileRef = DD07376A18FA6662007FA9B8 /* categoryButton_2.png */; };
		DD07377518FA6662007FA9B8 /* categoryButton_2@2x.png in Resources */ = {isa = PBXBuildFile; fileRef = DD07376B18FA6662007FA9B8 /* categoryButton_2@2x.png */; };
		DD07377618FA6662007FA9B8 /* categoryButton_3.png in Resources */ = {isa = PBXBuildFile; fileRef = DD07376C18FA6662007FA9B8 /* categoryButton_3.png */; };
		DD07377718FA6662007FA9B8 /* categoryButton_3@2x.png in Resources */ = {isa = PBXBuildFile; fileRef = DD07376D18FA6662007FA9B8 /* categoryButton_3@2x.png */; };
		DD07377818FA6662007FA9B8 /* categoryButton_4.png in Resources */ = {isa = PBXBuildFile; fileRef = DD07376E18FA6662007FA9B8 /* categoryButton_4.png */; };
		DD07377918FA6662007FA9B8 /* categoryButton_4@2x.png in Resources */ = {isa = PBXBuildFile; fileRef = DD07376F18FA6662007FA9B8 /* categoryButton_4@2x.png */; };
		DD07377A18FA6662007FA9B8 /* categoryButton_more.png in Resources */ = {isa = PBXBuildFile; fileRef = DD07377018FA6662007FA9B8 /* categoryButton_more.png */; };
		DD07377B18FA6662007FA9B8 /* categoryButton_more@2x.png in Resources */ = {isa = PBXBuildFile; fileRef = DD07377118FA6662007FA9B8 /* categoryButton_more@2x.png */; };
		DD0737A118FA6A9F007FA9B8 /* s1.png in Resources */ = {isa = PBXBuildFile; fileRef = DD07379018FA6A9F007FA9B8 /* s1.png */; };
		DD0737A218FA6A9F007FA9B8 /* s2.png in Resources */ = {isa = PBXBuildFile; fileRef = DD07379118FA6A9F007FA9B8 /* s2.png */; };
		DD0737A318FA6A9F007FA9B8 /* s3.png in Resources */ = {isa = PBXBuildFile; fileRef = DD07379218FA6A9F007FA9B8 /* s3.png */; };
		DD0737A418FA6A9F007FA9B8 /* s4.png in Resources */ = {isa = PBXBuildFile; fileRef = DD07379318FA6A9F007FA9B8 /* s4.png */; };
		DD0737A518FA6A9F007FA9B8 /* s5.png in Resources */ = {isa = PBXBuildFile; fileRef = DD07379418FA6A9F007FA9B8 /* s5.png */; };
		DD0737A618FA6A9F007FA9B8 /* s6.png in Resources */ = {isa = PBXBuildFile; fileRef = DD07379518FA6A9F007FA9B8 /* s6.png */; };
		DD0737A718FA6A9F007FA9B8 /* s7.png in Resources */ = {isa = PBXBuildFile; fileRef = DD07379618FA6A9F007FA9B8 /* s7.png */; };
		DD0737A818FA6A9F007FA9B8 /* s8.png in Resources */ = {isa = PBXBuildFile; fileRef = DD07379718FA6A9F007FA9B8 /* s8.png */; };
		DD0737A918FA6A9F007FA9B8 /* s9.png in Resources */ = {isa = PBXBuildFile; fileRef = DD07379818FA6A9F007FA9B8 /* s9.png */; };
		DD0737AA18FA6A9F007FA9B8 /* s10.png in Resources */ = {isa = PBXBuildFile; fileRef = DD07379918FA6A9F007FA9B8 /* s10.png */; };
		DD0737AD18FA6A9F007FA9B8 /* snil.png in Resources */ = {isa = PBXBuildFile; fileRef = DD07379C18FA6A9F007FA9B8 /* snil.png */; };
		DD130C6118FA8EC200C04D23 /* categoryButton_background.jpg in Resources */ = {isa = PBXBuildFile; fileRef = DD130C6018FA8EC200C04D23 /* categoryButton_background.jpg */; };
		DD2959D618794B0C003EC0FD /* EditImageController.mm in Sources */ = {isa = PBXBuildFile; fileRef = DD2959D518794B0C003EC0FD /* EditImageController.mm */; };
		DD2959DD187979A8003EC0FD /* AppDelegate.mm in Sources */ = {isa = PBXBuildFile; fileRef = DDCAF5E71876A80A001196D4 /* AppDelegate.mm */; };
		DD2959DE187979AD003EC0FD /* ViewController.mm in Sources */ = {isa = PBXBuildFile; fileRef = DDCAF5F31876A80A001196D4 /* ViewController.mm */; };
		DD2959DF187979B8003EC0FD /* EditImageController.mm in Sources */ = {isa = PBXBuildFile; fileRef = DD2959D518794B0C003EC0FD /* EditImageController.mm */; };
		DD2959E518799089003EC0FD /* AVFoundation.framework in Frameworks */ = {isa = PBXBuildFile; fileRef = DD2959E418799089003EC0FD /* AVFoundation.framework */; };
		DD2959E718799096003EC0FD /* CoreMedia.framework in Frameworks */ = {isa = PBXBuildFile; fileRef = DD2959E618799096003EC0FD /* CoreMedia.framework */; };
		DD2959E9187990A2003EC0FD /* CoreVideo.framework in Frameworks */ = {isa = PBXBuildFile; fileRef = DD2959E8187990A2003EC0FD /* CoreVideo.framework */; };
		DD2959EA187990BB003EC0FD /* CoreGraphics.framework in Frameworks */ = {isa = PBXBuildFile; fileRef = DDCAF5DB1876A80A001196D4 /* CoreGraphics.framework */; };
		DD295A0918799A92003EC0FD /* ImageFilterBase.mm in Sources */ = {isa = PBXBuildFile; fileRef = DD2959F418799A8D003EC0FD /* ImageFilterBase.mm */; };
		DD295A0B18799A92003EC0FD /* BrightnessFilter.mm in Sources */ = {isa = PBXBuildFile; fileRef = DD2959F818799A8E003EC0FD /* BrightnessFilter.mm */; };
		DD295A0C18799A92003EC0FD /* GrayScaleFilter.mm in Sources */ = {isa = PBXBuildFile; fileRef = DD2959FA18799A8E003EC0FD /* GrayScaleFilter.mm */; };
		DD295A0D18799A92003EC0FD /* SepiaFilter.mm in Sources */ = {isa = PBXBuildFile; fileRef = DD2959FC18799A8E003EC0FD /* SepiaFilter.mm */; };
		DD295A0E18799A92003EC0FD /* MosaicFilter.mm in Sources */ = {isa = PBXBuildFile; fileRef = DD2959FE18799A8F003EC0FD /* MosaicFilter.mm */; };
		DD295A0F18799A92003EC0FD /* FishEyeFilter.mm in Sources */ = {isa = PBXBuildFile; fileRef = DD295A0018799A8F003EC0FD /* FishEyeFilter.mm */; };
		DD295A1018799A92003EC0FD /* GaussianFilter.mm in Sources */ = {isa = PBXBuildFile; fileRef = DD295A0218799A90003EC0FD /* GaussianFilter.mm */; };
		DD295A1118799A92003EC0FD /* EdgeFindFilter.mm in Sources */ = {isa = PBXBuildFile; fileRef = DD295A0418799A90003EC0FD /* EdgeFindFilter.mm */; };
		DD295A1218799A92003EC0FD /* FaceFindFilter.mm in Sources */ = {isa = PBXBuildFile; fileRef = DD295A0618799A90003EC0FD /* FaceFindFilter.mm */; };
		DD295A1318799A92003EC0FD /* MultiMonitorFilter.mm in Sources */ = {isa = PBXBuildFile; fileRef = DD295A0818799A92003EC0FD /* MultiMonitorFilter.mm */; };
		DD295A151879AC0D003EC0FD /* QuartzCore.framework in Frameworks */ = {isa = PBXBuildFile; fileRef = DD295A141879AC0D003EC0FD /* QuartzCore.framework */; };
		DD295A1E1879C385003EC0FD /* CollectionCell.mm in Sources */ = {isa = PBXBuildFile; fileRef = DD295A1D1879C384003EC0FD /* CollectionCell.mm */; };
		DD4664B418D5958E00D85832 /* EmptySeque.mm in Sources */ = {isa = PBXBuildFile; fileRef = DD4664B318D5958E00D85832 /* EmptySeque.mm */; };
		DD4664B718D5974500D85832 /* EditImageMenuContainerViewController.mm in Sources */ = {isa = PBXBuildFile; fileRef = DD4664B618D5974500D85832 /* EditImageMenuContainerViewController.mm */; };
		DD4664BA18D5988C00D85832 /* FilterListViewController.mm in Sources */ = {isa = PBXBuildFile; fileRef = DD4664B918D5988C00D85832 /* FilterListViewController.mm */; };
		DD979DAE188D4D6400CF8C9E /* CollectionCell.mm in Sources */ = {isa = PBXBuildFile; fileRef = DD295A1D1879C384003EC0FD /* CollectionCell.mm */; };
		DD979DB1188D4E9B00CF8C9E /* StampListViewController.mm in Sources */ = {isa = PBXBuildFile; fileRef = DD979DB0188D4E9B00CF8C9E /* StampListViewController.mm */; };
		DD979DB2188D4ED500CF8C9E /* StampListViewController.mm in Sources */ = {isa = PBXBuildFile; fileRef = DD979DB0188D4E9B00CF8C9E /* StampListViewController.mm */; };
		DDBEE7B818E875A70066FABB /* check13.png in Resources */ = {isa = PBXBuildFile; fileRef = DDBEE7B718E875A70066FABB /* check13.png */; };
		DDCAF5D81876A80A001196D4 /* UIKit.framework in Frameworks */ = {isa = PBXBuildFile; fileRef = DDCAF5D71876A80A001196D4 /* UIKit.framework */; };
		DDCAF5DA1876A80A001196D4 /* Foundation.framework in Frameworks */ = {isa = PBXBuildFile; fileRef = DDCAF5D91876A80A001196D4 /* Foundation.framework */; };
		DDCAF5DC1876A80A001196D4 /* CoreGraphics.framework in Frameworks */ = {isa = PBXBuildFile; fileRef = DDCAF5DB1876A80A001196D4 /* CoreGraphics.framework */; };
		DDCAF5E21876A80A001196D4 /* InfoPlist.strings in Resources */ = {isa = PBXBuildFile; fileRef = DDCAF5E01876A80A001196D4 /* InfoPlist.strings */; };
		DDCAF5E41876A80A001196D4 /* main.mm in Sources */ = {isa = PBXBuildFile; fileRef = DDCAF5E31876A80A001196D4 /* main.mm */; };
		DDCAF5E81876A80A001196D4 /* AppDelegate.mm in Sources */ = {isa = PBXBuildFile; fileRef = DDCAF5E71876A80A001196D4 /* AppDelegate.mm */; };
		DDCAF5EA1876A80A001196D4 /* Default.png in Resources */ = {isa = PBXBuildFile; fileRef = DDCAF5E91876A80A001196D4 /* Default.png */; };
		DDCAF5EC1876A80A001196D4 /* Default@2x.png in Resources */ = {isa = PBXBuildFile; fileRef = DDCAF5EB1876A80A001196D4 /* Default@2x.png */; };
		DDCAF5EE1876A80A001196D4 /* Default-568h@2x.png in Resources */ = {isa = PBXBuildFile; fileRef = DDCAF5ED1876A80A001196D4 /* Default-568h@2x.png */; };
		DDCAF5F11876A80A001196D4 /* MainStoryboard.storyboard in Resources */ = {isa = PBXBuildFile; fileRef = DDCAF5EF1876A80A001196D4 /* MainStoryboard.storyboard */; };
		DDCAF5F41876A80A001196D4 /* ViewController.mm in Sources */ = {isa = PBXBuildFile; fileRef = DDCAF5F31876A80A001196D4 /* ViewController.mm */; };
		DDCAF5FC1876A80A001196D4 /* SenTestingKit.framework in Frameworks */ = {isa = PBXBuildFile; fileRef = DDCAF5FB1876A80A001196D4 /* SenTestingKit.framework */; };
		DDCAF5FD1876A80A001196D4 /* UIKit.framework in Frameworks */ = {isa = PBXBuildFile; fileRef = DDCAF5D71876A80A001196D4 /* UIKit.framework */; };
		DDCAF5FE1876A80A001196D4 /* Foundation.framework in Frameworks */ = {isa = PBXBuildFile; fileRef = DDCAF5D91876A80A001196D4 /* Foundation.framework */; };
		DDCAF6061876A80A001196D4 /* InfoPlist.strings in Resources */ = {isa = PBXBuildFile; fileRef = DDCAF6041876A80A001196D4 /* InfoPlist.strings */; };
		DDCAF6091876A80A001196D4 /* WeddingCameraTests.m in Sources */ = {isa = PBXBuildFile; fileRef = DDCAF6081876A80A001196D4 /* WeddingCameraTests.m */; };
		DDD11F0B18FA97930062BAC5 /* categoryButton_background_on.jpg in Resources */ = {isa = PBXBuildFile; fileRef = DDD11F0A18FA97930062BAC5 /* categoryButton_background_on.jpg */; };
/* End PBXBuildFile section */

/* Begin PBXContainerItemProxy section */
		DDCAF5FF1876A80A001196D4 /* PBXContainerItemProxy */ = {
			isa = PBXContainerItemProxy;
			containerPortal = DDCAF5CA1876A80A001196D4 /* Project object */;
			proxyType = 1;
			remoteGlobalIDString = DDCAF5D21876A80A001196D4;
			remoteInfo = WeddingCamera;
		};
/* End PBXContainerItemProxy section */

/* Begin PBXFileReference section */
		5824CDC9189E161C00DAD954 /* libc++.dylib */ = {isa = PBXFileReference; lastKnownFileType = "compiled.mach-o.dylib"; name = "libc++.dylib"; path = "usr/lib/libc++.dylib"; sourceTree = SDKROOT; };
		5824CDCB189E162B00DAD954 /* libstdc++.dylib */ = {isa = PBXFileReference; lastKnownFileType = "compiled.mach-o.dylib"; name = "libstdc++.dylib"; path = "usr/lib/libstdc++.dylib"; sourceTree = SDKROOT; };
		5824CDCD189E197200DAD954 /* opencv2.framework */ = {isa = PBXFileReference; lastKnownFileType = wrapper.framework; path = opencv2.framework; sourceTree = "<group>"; };
		DD07376818FA6662007FA9B8 /* categoryButton_1.png */ = {isa = PBXFileReference; lastKnownFileType = image.png; name = categoryButton_1.png; path = categoryButtons/categoryButton_1.png; sourceTree = "<group>"; };
		DD07376918FA6662007FA9B8 /* categoryButton_1@2x.png */ = {isa = PBXFileReference; lastKnownFileType = image.png; name = "categoryButton_1@2x.png"; path = "categoryButtons/categoryButton_1@2x.png"; sourceTree = "<group>"; };
		DD07376A18FA6662007FA9B8 /* categoryButton_2.png */ = {isa = PBXFileReference; lastKnownFileType = image.png; name = categoryButton_2.png; path = categoryButtons/categoryButton_2.png; sourceTree = "<group>"; };
		DD07376B18FA6662007FA9B8 /* categoryButton_2@2x.png */ = {isa = PBXFileReference; lastKnownFileType = image.png; name = "categoryButton_2@2x.png"; path = "categoryButtons/categoryButton_2@2x.png"; sourceTree = "<group>"; };
		DD07376C18FA6662007FA9B8 /* categoryButton_3.png */ = {isa = PBXFileReference; lastKnownFileType = image.png; name = categoryButton_3.png; path = categoryButtons/categoryButton_3.png; sourceTree = "<group>"; };
		DD07376D18FA6662007FA9B8 /* categoryButton_3@2x.png */ = {isa = PBXFileReference; lastKnownFileType = image.png; name = "categoryButton_3@2x.png"; path = "categoryButtons/categoryButton_3@2x.png"; sourceTree = "<group>"; };
		DD07376E18FA6662007FA9B8 /* categoryButton_4.png */ = {isa = PBXFileReference; lastKnownFileType = image.png; name = categoryButton_4.png; path = categoryButtons/categoryButton_4.png; sourceTree = "<group>"; };
		DD07376F18FA6662007FA9B8 /* categoryButton_4@2x.png */ = {isa = PBXFileReference; lastKnownFileType = image.png; name = "categoryButton_4@2x.png"; path = "categoryButtons/categoryButton_4@2x.png"; sourceTree = "<group>"; };
		DD07377018FA6662007FA9B8 /* categoryButton_more.png */ = {isa = PBXFileReference; lastKnownFileType = image.png; name = categoryButton_more.png; path = categoryButtons/categoryButton_more.png; sourceTree = "<group>"; };
		DD07377118FA6662007FA9B8 /* categoryButton_more@2x.png */ = {isa = PBXFileReference; lastKnownFileType = image.png; name = "categoryButton_more@2x.png"; path = "categoryButtons/categoryButton_more@2x.png"; sourceTree = "<group>"; };
		DD07379018FA6A9F007FA9B8 /* s1.png */ = {isa = PBXFileReference; lastKnownFileType = image.png; name = s1.png; path = stamps/s1.png; sourceTree = "<group>"; };
		DD07379118FA6A9F007FA9B8 /* s2.png */ = {isa = PBXFileReference; lastKnownFileType = image.png; name = s2.png; path = stamps/s2.png; sourceTree = "<group>"; };
		DD07379218FA6A9F007FA9B8 /* s3.png */ = {isa = PBXFileReference; lastKnownFileType = image.png; name = s3.png; path = stamps/s3.png; sourceTree = "<group>"; };
		DD07379318FA6A9F007FA9B8 /* s4.png */ = {isa = PBXFileReference; lastKnownFileType = image.png; name = s4.png; path = stamps/s4.png; sourceTree = "<group>"; };
		DD07379418FA6A9F007FA9B8 /* s5.png */ = {isa = PBXFileReference; lastKnownFileType = image.png; name = s5.png; path = stamps/s5.png; sourceTree = "<group>"; };
		DD07379518FA6A9F007FA9B8 /* s6.png */ = {isa = PBXFileReference; lastKnownFileType = image.png; name = s6.png; path = stamps/s6.png; sourceTree = "<group>"; };
		DD07379618FA6A9F007FA9B8 /* s7.png */ = {isa = PBXFileReference; lastKnownFileType = image.png; name = s7.png; path = stamps/s7.png; sourceTree = "<group>"; };
		DD07379718FA6A9F007FA9B8 /* s8.png */ = {isa = PBXFileReference; lastKnownFileType = image.png; name = s8.png; path = stamps/s8.png; sourceTree = "<group>"; };
		DD07379818FA6A9F007FA9B8 /* s9.png */ = {isa = PBXFileReference; lastKnownFileType = image.png; name = s9.png; path = stamps/s9.png; sourceTree = "<group>"; };
		DD07379918FA6A9F007FA9B8 /* s10.png */ = {isa = PBXFileReference; lastKnownFileType = image.png; name = s10.png; path = stamps/s10.png; sourceTree = "<group>"; };
		DD07379C18FA6A9F007FA9B8 /* snil.png */ = {isa = PBXFileReference; lastKnownFileType = image.png; name = snil.png; path = stamps/snil.png; sourceTree = "<group>"; };
		DD130C6018FA8EC200C04D23 /* categoryButton_background.jpg */ = {isa = PBXFileReference; lastKnownFileType = image.jpeg; name = categoryButton_background.jpg; path = categoryButtons/categoryButton_background.jpg; sourceTree = "<group>"; };
		DD2959D418794B0C003EC0FD /* EditImageController.h */ = {isa = PBXFileReference; fileEncoding = 4; lastKnownFileType = sourcecode.c.h; path = EditImageController.h; sourceTree = "<group>"; };
		DD2959D518794B0C003EC0FD /* EditImageController.mm */ = {isa = PBXFileReference; fileEncoding = 4; lastKnownFileType = sourcecode.cpp.objcpp; path = EditImageController.mm; sourceTree = "<group>"; };
		DD2959E418799089003EC0FD /* AVFoundation.framework */ = {isa = PBXFileReference; lastKnownFileType = wrapper.framework; name = AVFoundation.framework; path = System/Library/Frameworks/AVFoundation.framework; sourceTree = SDKROOT; };
		DD2959E618799096003EC0FD /* CoreMedia.framework */ = {isa = PBXFileReference; lastKnownFileType = wrapper.framework; name = CoreMedia.framework; path = System/Library/Frameworks/CoreMedia.framework; sourceTree = SDKROOT; };
		DD2959E8187990A2003EC0FD /* CoreVideo.framework */ = {isa = PBXFileReference; lastKnownFileType = wrapper.framework; name = CoreVideo.framework; path = System/Library/Frameworks/CoreVideo.framework; sourceTree = SDKROOT; };
		DD2959F318799A8D003EC0FD /* ImageFilterBase.h */ = {isa = PBXFileReference; fileEncoding = 4; lastKnownFileType = sourcecode.c.h; path = ImageFilterBase.h; sourceTree = "<group>"; };
		DD2959F418799A8D003EC0FD /* ImageFilterBase.mm */ = {isa = PBXFileReference; fileEncoding = 4; lastKnownFileType = sourcecode.cpp.objcpp; path = ImageFilterBase.mm; sourceTree = "<group>"; };
		DD2959F718799A8E003EC0FD /* BrightnessFilter.h */ = {isa = PBXFileReference; fileEncoding = 4; lastKnownFileType = sourcecode.c.h; path = BrightnessFilter.h; sourceTree = "<group>"; };
		DD2959F818799A8E003EC0FD /* BrightnessFilter.mm */ = {isa = PBXFileReference; fileEncoding = 4; lastKnownFileType = sourcecode.cpp.objcpp; path = BrightnessFilter.mm; sourceTree = "<group>"; };
		DD2959F918799A8E003EC0FD /* GrayScaleFilter.h */ = {isa = PBXFileReference; fileEncoding = 4; lastKnownFileType = sourcecode.c.h; path = GrayScaleFilter.h; sourceTree = "<group>"; };
		DD2959FA18799A8E003EC0FD /* GrayScaleFilter.mm */ = {isa = PBXFileReference; fileEncoding = 4; lastKnownFileType = sourcecode.cpp.objcpp; path = GrayScaleFilter.mm; sourceTree = "<group>"; };
		DD2959FB18799A8E003EC0FD /* SepiaFilter.h */ = {isa = PBXFileReference; fileEncoding = 4; lastKnownFileType = sourcecode.c.h; path = SepiaFilter.h; sourceTree = "<group>"; };
		DD2959FC18799A8E003EC0FD /* SepiaFilter.mm */ = {isa = PBXFileReference; fileEncoding = 4; lastKnownFileType = sourcecode.cpp.objcpp; path = SepiaFilter.mm; sourceTree = "<group>"; };
		DD2959FD18799A8E003EC0FD /* MosaicFilter.h */ = {isa = PBXFileReference; fileEncoding = 4; lastKnownFileType = sourcecode.c.h; path = MosaicFilter.h; sourceTree = "<group>"; };
		DD2959FE18799A8F003EC0FD /* MosaicFilter.mm */ = {isa = PBXFileReference; fileEncoding = 4; lastKnownFileType = sourcecode.cpp.objcpp; path = MosaicFilter.mm; sourceTree = "<group>"; };
		DD2959FF18799A8F003EC0FD /* FishEyeFilter.h */ = {isa = PBXFileReference; fileEncoding = 4; lastKnownFileType = sourcecode.c.h; path = FishEyeFilter.h; sourceTree = "<group>"; };
		DD295A0018799A8F003EC0FD /* FishEyeFilter.mm */ = {isa = PBXFileReference; fileEncoding = 4; lastKnownFileType = sourcecode.cpp.objcpp; path = FishEyeFilter.mm; sourceTree = "<group>"; };
		DD295A0118799A8F003EC0FD /* GaussianFilter.h */ = {isa = PBXFileReference; fileEncoding = 4; lastKnownFileType = sourcecode.c.h; path = GaussianFilter.h; sourceTree = "<group>"; };
		DD295A0218799A90003EC0FD /* GaussianFilter.mm */ = {isa = PBXFileReference; fileEncoding = 4; lastKnownFileType = sourcecode.cpp.objcpp; path = GaussianFilter.mm; sourceTree = "<group>"; };
		DD295A0318799A90003EC0FD /* EdgeFindFilter.h */ = {isa = PBXFileReference; fileEncoding = 4; lastKnownFileType = sourcecode.c.h; path = EdgeFindFilter.h; sourceTree = "<group>"; };
		DD295A0418799A90003EC0FD /* EdgeFindFilter.mm */ = {isa = PBXFileReference; fileEncoding = 4; lastKnownFileType = sourcecode.cpp.objcpp; path = EdgeFindFilter.mm; sourceTree = "<group>"; };
		DD295A0518799A90003EC0FD /* FaceFindFilter.h */ = {isa = PBXFileReference; fileEncoding = 4; lastKnownFileType = sourcecode.c.h; path = FaceFindFilter.h; sourceTree = "<group>"; };
		DD295A0618799A90003EC0FD /* FaceFindFilter.mm */ = {isa = PBXFileReference; fileEncoding = 4; lastKnownFileType = sourcecode.cpp.objcpp; path = FaceFindFilter.mm; sourceTree = "<group>"; };
		DD295A0718799A91003EC0FD /* MultiMonitorFilter.h */ = {isa = PBXFileReference; fileEncoding = 4; lastKnownFileType = sourcecode.c.h; path = MultiMonitorFilter.h; sourceTree = "<group>"; };
		DD295A0818799A92003EC0FD /* MultiMonitorFilter.mm */ = {isa = PBXFileReference; fileEncoding = 4; lastKnownFileType = sourcecode.cpp.objcpp; path = MultiMonitorFilter.mm; sourceTree = "<group>"; };
		DD295A141879AC0D003EC0FD /* QuartzCore.framework */ = {isa = PBXFileReference; lastKnownFileType = wrapper.framework; name = QuartzCore.framework; path = System/Library/Frameworks/QuartzCore.framework; sourceTree = SDKROOT; };
		DD295A1C1879C384003EC0FD /* CollectionCell.h */ = {isa = PBXFileReference; fileEncoding = 4; lastKnownFileType = sourcecode.c.h; path = CollectionCell.h; sourceTree = "<group>"; };
		DD295A1D1879C384003EC0FD /* CollectionCell.mm */ = {isa = PBXFileReference; fileEncoding = 4; lastKnownFileType = sourcecode.cpp.objcpp; path = CollectionCell.mm; sourceTree = "<group>"; };
		DD4664B218D5958E00D85832 /* EmptySeque.h */ = {isa = PBXFileReference; fileEncoding = 4; lastKnownFileType = sourcecode.c.h; path = EmptySeque.h; sourceTree = "<group>"; };
		DD4664B318D5958E00D85832 /* EmptySeque.mm */ = {isa = PBXFileReference; fileEncoding = 4; lastKnownFileType = sourcecode.cpp.objcpp; path = EmptySeque.mm; sourceTree = "<group>"; };
		DD4664B518D5974500D85832 /* EditImageMenuContainerViewController.h */ = {isa = PBXFileReference; fileEncoding = 4; lastKnownFileType = sourcecode.c.h; path = EditImageMenuContainerViewController.h; sourceTree = "<group>"; };
		DD4664B618D5974500D85832 /* EditImageMenuContainerViewController.mm */ = {isa = PBXFileReference; fileEncoding = 4; lastKnownFileType = sourcecode.cpp.objcpp; path = EditImageMenuContainerViewController.mm; sourceTree = "<group>"; };
		DD4664B818D5988C00D85832 /* FilterListViewController.h */ = {isa = PBXFileReference; fileEncoding = 4; lastKnownFileType = sourcecode.c.h; path = FilterListViewController.h; sourceTree = "<group>"; };
		DD4664B918D5988C00D85832 /* FilterListViewController.mm */ = {isa = PBXFileReference; fileEncoding = 4; lastKnownFileType = sourcecode.cpp.objcpp; path = FilterListViewController.mm; sourceTree = "<group>"; };
		DD4664BB18D59C9400D85832 /* libc++.1.dylib */ = {isa = PBXFileReference; lastKnownFileType = "compiled.mach-o.dylib"; name = "libc++.1.dylib"; path = "usr/lib/libc++.1.dylib"; sourceTree = SDKROOT; };
		DD4664BD18D59CFB00D85832 /* libc++abi.dylib */ = {isa = PBXFileReference; lastKnownFileType = "compiled.mach-o.dylib"; name = "libc++abi.dylib"; path = "usr/lib/libc++abi.dylib"; sourceTree = SDKROOT; };
		DD979DAF188D4E9B00CF8C9E /* StampListViewController.h */ = {isa = PBXFileReference; fileEncoding = 4; lastKnownFileType = sourcecode.c.h; path = StampListViewController.h; sourceTree = "<group>"; };
		DD979DB0188D4E9B00CF8C9E /* StampListViewController.mm */ = {isa = PBXFileReference; fileEncoding = 4; lastKnownFileType = sourcecode.cpp.objcpp; path = StampListViewController.mm; sourceTree = "<group>"; };
		DDBEE7B718E875A70066FABB /* check13.png */ = {isa = PBXFileReference; lastKnownFileType = image.png; name = check13.png; path = ../../png/check13.png; sourceTree = "<group>"; };
		DDCAF5D31876A80A001196D4 /* WeddingCamera.app */ = {isa = PBXFileReference; explicitFileType = wrapper.application; includeInIndex = 0; path = WeddingCamera.app; sourceTree = BUILT_PRODUCTS_DIR; };
		DDCAF5D71876A80A001196D4 /* UIKit.framework */ = {isa = PBXFileReference; lastKnownFileType = wrapper.framework; name = UIKit.framework; path = System/Library/Frameworks/UIKit.framework; sourceTree = SDKROOT; };
		DDCAF5D91876A80A001196D4 /* Foundation.framework */ = {isa = PBXFileReference; lastKnownFileType = wrapper.framework; name = Foundation.framework; path = System/Library/Frameworks/Foundation.framework; sourceTree = SDKROOT; };
		DDCAF5DB1876A80A001196D4 /* CoreGraphics.framework */ = {isa = PBXFileReference; lastKnownFileType = wrapper.framework; name = CoreGraphics.framework; path = System/Library/Frameworks/CoreGraphics.framework; sourceTree = SDKROOT; };
		DDCAF5DF1876A80A001196D4 /* WeddingCamera-Info.plist */ = {isa = PBXFileReference; lastKnownFileType = text.plist.xml; path = "WeddingCamera-Info.plist"; sourceTree = "<group>"; };
		DDCAF5E11876A80A001196D4 /* en */ = {isa = PBXFileReference; lastKnownFileType = text.plist.strings; name = en; path = en.lproj/InfoPlist.strings; sourceTree = "<group>"; };
		DDCAF5E31876A80A001196D4 /* main.mm */ = {isa = PBXFileReference; lastKnownFileType = sourcecode.cpp.objcpp; path = main.mm; sourceTree = "<group>"; };
		DDCAF5E51876A80A001196D4 /* WeddingCamera-Prefix.pch */ = {isa = PBXFileReference; lastKnownFileType = sourcecode.c.h; path = "WeddingCamera-Prefix.pch"; sourceTree = "<group>"; };
		DDCAF5E61876A80A001196D4 /* AppDelegate.h */ = {isa = PBXFileReference; lastKnownFileType = sourcecode.c.h; path = AppDelegate.h; sourceTree = "<group>"; };
		DDCAF5E71876A80A001196D4 /* AppDelegate.mm */ = {isa = PBXFileReference; lastKnownFileType = sourcecode.cpp.objcpp; path = AppDelegate.mm; sourceTree = "<group>"; };
		DDCAF5E91876A80A001196D4 /* Default.png */ = {isa = PBXFileReference; lastKnownFileType = image.png; path = Default.png; sourceTree = "<group>"; };
		DDCAF5EB1876A80A001196D4 /* Default@2x.png */ = {isa = PBXFileReference; lastKnownFileType = image.png; path = "Default@2x.png"; sourceTree = "<group>"; };
		DDCAF5ED1876A80A001196D4 /* Default-568h@2x.png */ = {isa = PBXFileReference; lastKnownFileType = image.png; path = "Default-568h@2x.png"; sourceTree = "<group>"; };
		DDCAF5F01876A80A001196D4 /* en */ = {isa = PBXFileReference; lastKnownFileType = file.storyboard; name = en; path = en.lproj/MainStoryboard.storyboard; sourceTree = "<group>"; };
		DDCAF5F21876A80A001196D4 /* ViewController.h */ = {isa = PBXFileReference; lastKnownFileType = sourcecode.c.h; path = ViewController.h; sourceTree = "<group>"; };
		DDCAF5F31876A80A001196D4 /* ViewController.mm */ = {isa = PBXFileReference; lastKnownFileType = sourcecode.cpp.objcpp; path = ViewController.mm; sourceTree = "<group>"; };
		DDCAF5FA1876A80A001196D4 /* WeddingCameraTests.octest */ = {isa = PBXFileReference; explicitFileType = wrapper.cfbundle; includeInIndex = 0; path = WeddingCameraTests.octest; sourceTree = BUILT_PRODUCTS_DIR; };
		DDCAF5FB1876A80A001196D4 /* SenTestingKit.framework */ = {isa = PBXFileReference; lastKnownFileType = wrapper.framework; name = SenTestingKit.framework; path = Library/Frameworks/SenTestingKit.framework; sourceTree = DEVELOPER_DIR; };
		DDCAF6031876A80A001196D4 /* WeddingCameraTests-Info.plist */ = {isa = PBXFileReference; lastKnownFileType = text.plist.xml; path = "WeddingCameraTests-Info.plist"; sourceTree = "<group>"; };
		DDCAF6051876A80A001196D4 /* en */ = {isa = PBXFileReference; lastKnownFileType = text.plist.strings; name = en; path = en.lproj/InfoPlist.strings; sourceTree = "<group>"; };
		DDCAF6071876A80A001196D4 /* WeddingCameraTests.h */ = {isa = PBXFileReference; lastKnownFileType = sourcecode.c.h; path = WeddingCameraTests.h; sourceTree = "<group>"; };
		DDCAF6081876A80A001196D4 /* WeddingCameraTests.m */ = {isa = PBXFileReference; lastKnownFileType = sourcecode.c.objc; path = WeddingCameraTests.m; sourceTree = "<group>"; };
		DDD11F0A18FA97930062BAC5 /* categoryButton_background_on.jpg */ = {isa = PBXFileReference; lastKnownFileType = image.jpeg; name = categoryButton_background_on.jpg; path = categoryButtons/categoryButton_background_on.jpg; sourceTree = "<group>"; };
/* End PBXFileReference section */

/* Begin PBXFrameworksBuildPhase section */
		DDCAF5D01876A80A001196D4 /* Frameworks */ = {
			isa = PBXFrameworksBuildPhase;
			buildActionMask = 2147483647;
			files = (
				5824CDCC189E162B00DAD954 /* libstdc++.dylib in Frameworks */,
				5824CDCA189E161C00DAD954 /* libc++.dylib in Frameworks */,
				5805025A189D5A3D0036C06D /* AVFoundation.framework in Frameworks */,
				5824CDCE189E197200DAD954 /* opencv2.framework in Frameworks */,
				58050259189D5A300036C06D /* CoreMedia.framework in Frameworks */,
				58050258189D5A250036C06D /* CoreVideo.framework in Frameworks */,
				DDCAF5D81876A80A001196D4 /* UIKit.framework in Frameworks */,
				DDCAF5DA1876A80A001196D4 /* Foundation.framework in Frameworks */,
				DDCAF5DC1876A80A001196D4 /* CoreGraphics.framework in Frameworks */,
			);
			runOnlyForDeploymentPostprocessing = 0;
		};
		DDCAF5F61876A80A001196D4 /* Frameworks */ = {
			isa = PBXFrameworksBuildPhase;
			buildActionMask = 2147483647;
			files = (
				DD295A151879AC0D003EC0FD /* QuartzCore.framework in Frameworks */,
				DD2959EA187990BB003EC0FD /* CoreGraphics.framework in Frameworks */,
				DD2959E9187990A2003EC0FD /* CoreVideo.framework in Frameworks */,
				DD2959E718799096003EC0FD /* CoreMedia.framework in Frameworks */,
				DD2959E518799089003EC0FD /* AVFoundation.framework in Frameworks */,
				DDCAF5FC1876A80A001196D4 /* SenTestingKit.framework in Frameworks */,
				DDCAF5FD1876A80A001196D4 /* UIKit.framework in Frameworks */,
				DDCAF5FE1876A80A001196D4 /* Foundation.framework in Frameworks */,
			);
			runOnlyForDeploymentPostprocessing = 0;
		};
/* End PBXFrameworksBuildPhase section */

/* Begin PBXGroup section */
		5834CC39189D6E43008D20CD /* filters */ = {
			isa = PBXGroup;
			children = (
				DD2959F318799A8D003EC0FD /* ImageFilterBase.h */,
				DD2959F418799A8D003EC0FD /* ImageFilterBase.mm */,
				DD2959F718799A8E003EC0FD /* BrightnessFilter.h */,
				DD2959F818799A8E003EC0FD /* BrightnessFilter.mm */,
				DD2959F918799A8E003EC0FD /* GrayScaleFilter.h */,
				DD2959FA18799A8E003EC0FD /* GrayScaleFilter.mm */,
				DD2959FB18799A8E003EC0FD /* SepiaFilter.h */,
				DD2959FC18799A8E003EC0FD /* SepiaFilter.mm */,
				DD2959FD18799A8E003EC0FD /* MosaicFilter.h */,
				DD2959FE18799A8F003EC0FD /* MosaicFilter.mm */,
				DD2959FF18799A8F003EC0FD /* FishEyeFilter.h */,
				DD295A0018799A8F003EC0FD /* FishEyeFilter.mm */,
				DD295A0118799A8F003EC0FD /* GaussianFilter.h */,
				DD295A0218799A90003EC0FD /* GaussianFilter.mm */,
				DD295A0318799A90003EC0FD /* EdgeFindFilter.h */,
				DD295A0418799A90003EC0FD /* EdgeFindFilter.mm */,
				DD295A0518799A90003EC0FD /* FaceFindFilter.h */,
				DD295A0618799A90003EC0FD /* FaceFindFilter.mm */,
				DD295A0718799A91003EC0FD /* MultiMonitorFilter.h */,
				DD295A0818799A92003EC0FD /* MultiMonitorFilter.mm */,
			);
			name = filters;
			sourceTree = "<group>";
		};
		DD979DB3188D605200CF8C9E /* stamps */ = {
			isa = PBXGroup;
			children = (
				DD07379018FA6A9F007FA9B8 /* s1.png */,
				DD07379118FA6A9F007FA9B8 /* s2.png */,
				DD07379218FA6A9F007FA9B8 /* s3.png */,
				DD07379318FA6A9F007FA9B8 /* s4.png */,
				DD07379418FA6A9F007FA9B8 /* s5.png */,
				DD07379518FA6A9F007FA9B8 /* s6.png */,
				DD07379618FA6A9F007FA9B8 /* s7.png */,
				DD07379718FA6A9F007FA9B8 /* s8.png */,
				DD07379818FA6A9F007FA9B8 /* s9.png */,
				DD07379918FA6A9F007FA9B8 /* s10.png */,
				DD07379C18FA6A9F007FA9B8 /* snil.png */,
			);
			name = stamps;
			sourceTree = "<group>";
		};
		DDBEE7AA18E874820066FABB /* categoryButtons */ = {
			isa = PBXGroup;
			children = (
				DD07376818FA6662007FA9B8 /* categoryButton_1.png */,
				DD07376918FA6662007FA9B8 /* categoryButton_1@2x.png */,
				DD07376A18FA6662007FA9B8 /* categoryButton_2.png */,
				DD07376B18FA6662007FA9B8 /* categoryButton_2@2x.png */,
				DD07376C18FA6662007FA9B8 /* categoryButton_3.png */,
				DD07376D18FA6662007FA9B8 /* categoryButton_3@2x.png */,
				DD07376E18FA6662007FA9B8 /* categoryButton_4.png */,
				DDD11F0A18FA97930062BAC5 /* categoryButton_background_on.jpg */,
				DD130C6018FA8EC200C04D23 /* categoryButton_background.jpg */,
				DD07376F18FA6662007FA9B8 /* categoryButton_4@2x.png */,
				DD07377018FA6662007FA9B8 /* categoryButton_more.png */,
				DD07377118FA6662007FA9B8 /* categoryButton_more@2x.png */,
			);
			name = categoryButtons;
			sourceTree = "<group>";
		};
		DDBEE7B518E874C80066FABB /* Resources */ = {
			isa = PBXGroup;
			children = (
				DDBEE7B618E8759B0066FABB /* icon */,
				DDBEE7AA18E874820066FABB /* categoryButtons */,
				DD979DB3188D605200CF8C9E /* stamps */,
			);
			name = Resources;
			sourceTree = "<group>";
		};
		DDBEE7B618E8759B0066FABB /* icon */ = {
			isa = PBXGroup;
			children = (
				DDBEE7B718E875A70066FABB /* check13.png */,
			);
			name = icon;
			sourceTree = "<group>";
		};
		DDCAF5C81876A80A001196D4 = {
			isa = PBXGroup;
			children = (
				DD295A141879AC0D003EC0FD /* QuartzCore.framework */,
				DD2959E8187990A2003EC0FD /* CoreVideo.framework */,
				DD2959E618799096003EC0FD /* CoreMedia.framework */,
				DD2959E418799089003EC0FD /* AVFoundation.framework */,
				DDCAF5DD1876A80A001196D4 /* WeddingCamera */,
				DDCAF6011876A80A001196D4 /* WeddingCameraTests */,
				DDCAF5D61876A80A001196D4 /* Frameworks */,
				DDCAF5D41876A80A001196D4 /* Products */,
			);
			sourceTree = "<group>";
		};
		DDCAF5D41876A80A001196D4 /* Products */ = {
			isa = PBXGroup;
			children = (
				DDCAF5D31876A80A001196D4 /* WeddingCamera.app */,
				DDCAF5FA1876A80A001196D4 /* WeddingCameraTests.octest */,
			);
			name = Products;
			sourceTree = "<group>";
		};
		DDCAF5D61876A80A001196D4 /* Frameworks */ = {
			isa = PBXGroup;
			children = (
				DD4664BD18D59CFB00D85832 /* libc++abi.dylib */,
				DD4664BB18D59C9400D85832 /* libc++.1.dylib */,
				5824CDCD189E197200DAD954 /* opencv2.framework */,
				5824CDCB189E162B00DAD954 /* libstdc++.dylib */,
				5824CDC9189E161C00DAD954 /* libc++.dylib */,
				DDCAF5D71876A80A001196D4 /* UIKit.framework */,
				DDCAF5D91876A80A001196D4 /* Foundation.framework */,
				DDCAF5DB1876A80A001196D4 /* CoreGraphics.framework */,
				DDCAF5FB1876A80A001196D4 /* SenTestingKit.framework */,
			);
			name = Frameworks;
			sourceTree = "<group>";
		};
		DDCAF5DD1876A80A001196D4 /* WeddingCamera */ = {
			isa = PBXGroup;
			children = (
				DDBEE7B518E874C80066FABB /* Resources */,
				DDCAF5E61876A80A001196D4 /* AppDelegate.h */,
				DDCAF5E71876A80A001196D4 /* AppDelegate.mm */,
				DDCAF5EF1876A80A001196D4 /* MainStoryboard.storyboard */,
				DDCAF5F21876A80A001196D4 /* ViewController.h */,
				DDCAF5F31876A80A001196D4 /* ViewController.mm */,
				DD2959D418794B0C003EC0FD /* EditImageController.h */,
				DD2959D518794B0C003EC0FD /* EditImageController.mm */,
				DD4664B518D5974500D85832 /* EditImageMenuContainerViewController.h */,
				DD4664B618D5974500D85832 /* EditImageMenuContainerViewController.mm */,
				DD979DAF188D4E9B00CF8C9E /* StampListViewController.h */,
				DD979DB0188D4E9B00CF8C9E /* StampListViewController.mm */,
				DD295A1C1879C384003EC0FD /* CollectionCell.h */,
				DD295A1D1879C384003EC0FD /* CollectionCell.mm */,
				DD4664B218D5958E00D85832 /* EmptySeque.h */,
				DD4664B318D5958E00D85832 /* EmptySeque.mm */,
				DD4664B818D5988C00D85832 /* FilterListViewController.h */,
				DD4664B918D5988C00D85832 /* FilterListViewController.mm */,
				5834CC39189D6E43008D20CD /* filters */,
				DDCAF5DE1876A80A001196D4 /* Supporting Files */,
			);
			path = WeddingCamera;
			sourceTree = "<group>";
		};
		DDCAF5DE1876A80A001196D4 /* Supporting Files */ = {
			isa = PBXGroup;
			children = (
				DDCAF5DF1876A80A001196D4 /* WeddingCamera-Info.plist */,
				DDCAF5E01876A80A001196D4 /* InfoPlist.strings */,
				DDCAF5E31876A80A001196D4 /* main.mm */,
				DDCAF5E51876A80A001196D4 /* WeddingCamera-Prefix.pch */,
				DDCAF5E91876A80A001196D4 /* Default.png */,
				DDCAF5EB1876A80A001196D4 /* Default@2x.png */,
				DDCAF5ED1876A80A001196D4 /* Default-568h@2x.png */,
			);
			name = "Supporting Files";
			sourceTree = "<group>";
		};
		DDCAF6011876A80A001196D4 /* WeddingCameraTests */ = {
			isa = PBXGroup;
			children = (
				DDCAF6071876A80A001196D4 /* WeddingCameraTests.h */,
				DDCAF6081876A80A001196D4 /* WeddingCameraTests.m */,
				DDCAF6021876A80A001196D4 /* Supporting Files */,
			);
			path = WeddingCameraTests;
			sourceTree = "<group>";
		};
		DDCAF6021876A80A001196D4 /* Supporting Files */ = {
			isa = PBXGroup;
			children = (
				DDCAF6031876A80A001196D4 /* WeddingCameraTests-Info.plist */,
				DDCAF6041876A80A001196D4 /* InfoPlist.strings */,
			);
			name = "Supporting Files";
			sourceTree = "<group>";
		};
/* End PBXGroup section */

/* Begin PBXNativeTarget section */
		DDCAF5D21876A80A001196D4 /* WeddingCamera */ = {
			isa = PBXNativeTarget;
			buildConfigurationList = DDCAF60C1876A80A001196D4 /* Build configuration list for PBXNativeTarget "WeddingCamera" */;
			buildPhases = (
				DDCAF5CF1876A80A001196D4 /* Sources */,
				DDCAF5D01876A80A001196D4 /* Frameworks */,
				DDCAF5D11876A80A001196D4 /* Resources */,
			);
			buildRules = (
			);
			dependencies = (
			);
			name = WeddingCamera;
			productName = WeddingCamera;
			productReference = DDCAF5D31876A80A001196D4 /* WeddingCamera.app */;
			productType = "com.apple.product-type.application";
		};
		DDCAF5F91876A80A001196D4 /* WeddingCameraTests */ = {
			isa = PBXNativeTarget;
			buildConfigurationList = DDCAF60F1876A80A001196D4 /* Build configuration list for PBXNativeTarget "WeddingCameraTests" */;
			buildPhases = (
				DDCAF5F51876A80A001196D4 /* Sources */,
				DDCAF5F61876A80A001196D4 /* Frameworks */,
				DDCAF5F71876A80A001196D4 /* Resources */,
				DDCAF5F81876A80A001196D4 /* ShellScript */,
			);
			buildRules = (
			);
			dependencies = (
				DDCAF6001876A80A001196D4 /* PBXTargetDependency */,
			);
			name = WeddingCameraTests;
			productName = WeddingCameraTests;
			productReference = DDCAF5FA1876A80A001196D4 /* WeddingCameraTests.octest */;
			productType = "com.apple.product-type.bundle";
		};
/* End PBXNativeTarget section */

/* Begin PBXProject section */
		DDCAF5CA1876A80A001196D4 /* Project object */ = {
			isa = PBXProject;
			attributes = {
				LastUpgradeCheck = 0450;
				ORGANIZATIONNAME = "Rie Ito";
				TargetAttributes = {
					DDCAF5D21876A80A001196D4 = {
						DevelopmentTeam = H8FX5H7XWQ;
					};
				};
			};
			buildConfigurationList = DDCAF5CD1876A80A001196D4 /* Build configuration list for PBXProject "WeddingCamera" */;
			compatibilityVersion = "Xcode 3.2";
			developmentRegion = English;
			hasScannedForEncodings = 0;
			knownRegions = (
				en,
			);
			mainGroup = DDCAF5C81876A80A001196D4;
			productRefGroup = DDCAF5D41876A80A001196D4 /* Products */;
			projectDirPath = "";
			projectRoot = "";
			targets = (
				DDCAF5D21876A80A001196D4 /* WeddingCamera */,
				DDCAF5F91876A80A001196D4 /* WeddingCameraTests */,
			);
		};
/* End PBXProject section */

/* Begin PBXResourcesBuildPhase section */
		DDCAF5D11876A80A001196D4 /* Resources */ = {
			isa = PBXResourcesBuildPhase;
			buildActionMask = 2147483647;
			files = (
				DDCAF5E21876A80A001196D4 /* InfoPlist.strings in Resources */,
				DD0737A418FA6A9F007FA9B8 /* s4.png in Resources */,
				DD0737A318FA6A9F007FA9B8 /* s3.png in Resources */,
				DDCAF5EA1876A80A001196D4 /* Default.png in Resources */,
				DD0737A118FA6A9F007FA9B8 /* s1.png in Resources */,
				DDBEE7B818E875A70066FABB /* check13.png in Resources */,
				DDCAF5EC1876A80A001196D4 /* Default@2x.png in Resources */,
				DD130C6118FA8EC200C04D23 /* categoryButton_background.jpg in Resources */,
				DD0737A818FA6A9F007FA9B8 /* s8.png in Resources */,
				DDCAF5EE1876A80A001196D4 /* Default-568h@2x.png in Resources */,
				DDCAF5F11876A80A001196D4 /* MainStoryboard.storyboard in Resources */,
				DD07377218FA6662007FA9B8 /* categoryButton_1.png in Resources */,
				DD07377318FA6662007FA9B8 /* categoryButton_1@2x.png in Resources */,
				DD07377618FA6662007FA9B8 /* categoryButton_3.png in Resources */,
				DD0737A918FA6A9F007FA9B8 /* s9.png in Resources */,
				DD07377B18FA6662007FA9B8 /* categoryButton_more@2x.png in Resources */,
				DD0737A518FA6A9F007FA9B8 /* s5.png in Resources */,
				DD07377718FA6662007FA9B8 /* categoryButton_3@2x.png in Resources */,
				DD0737AD18FA6A9F007FA9B8 /* snil.png in Resources */,
				DD0737A218FA6A9F007FA9B8 /* s2.png in Resources */,
				DD0737A718FA6A9F007FA9B8 /* s7.png in Resources */,
				DDD11F0B18FA97930062BAC5 /* categoryButton_background_on.jpg in Resources */,
				DD07377A18FA6662007FA9B8 /* categoryButton_more.png in Resources */,
				DD07377418FA6662007FA9B8 /* categoryButton_2.png in Resources */,
				DD0737A618FA6A9F007FA9B8 /* s6.png in Resources */,
				DD0737AA18FA6A9F007FA9B8 /* s10.png in Resources */,
				DD07377818FA6662007FA9B8 /* categoryButton_4.png in Resources */,
				DD07377918FA6662007FA9B8 /* categoryButton_4@2x.png in Resources */,
				DD07377518FA6662007FA9B8 /* categoryButton_2@2x.png in Resources */,
			);
			runOnlyForDeploymentPostprocessing = 0;
		};
		DDCAF5F71876A80A001196D4 /* Resources */ = {
			isa = PBXResourcesBuildPhase;
			buildActionMask = 2147483647;
			files = (
				DDCAF6061876A80A001196D4 /* InfoPlist.strings in Resources */,
			);
			runOnlyForDeploymentPostprocessing = 0;
		};
/* End PBXResourcesBuildPhase section */

/* Begin PBXShellScriptBuildPhase section */
		DDCAF5F81876A80A001196D4 /* ShellScript */ = {
			isa = PBXShellScriptBuildPhase;
			buildActionMask = 2147483647;
			files = (
			);
			inputPaths = (
			);
			outputPaths = (
			);
			runOnlyForDeploymentPostprocessing = 0;
			shellPath = /bin/sh;
			shellScript = "# Run the unit tests in this test bundle.\n\"${SYSTEM_DEVELOPER_DIR}/Tools/RunUnitTests\"\n";
		};
/* End PBXShellScriptBuildPhase section */

/* Begin PBXSourcesBuildPhase section */
		DDCAF5CF1876A80A001196D4 /* Sources */ = {
			isa = PBXSourcesBuildPhase;
			buildActionMask = 2147483647;
			files = (
				5834CC4C189DF0E1008D20CD /* GrayScaleFilter.mm in Sources */,
				DD4664B718D5974500D85832 /* EditImageMenuContainerViewController.mm in Sources */,
				5834CC4B189DF0D9008D20CD /* SepiaFilter.mm in Sources */,
				5834CC4A189DF0D2008D20CD /* MosaicFilter.mm in Sources */,
				5834CC49189DF0CB008D20CD /* FishEyeFilter.mm in Sources */,
				5834CC48189DF0C2008D20CD /* GaussianFilter.mm in Sources */,
				5834CC47189DF0BB008D20CD /* EdgeFindFilter.mm in Sources */,
				5834CC46189DF0B3008D20CD /* FaceFindFilter.mm in Sources */,
				5834CC45189DF0AB008D20CD /* MultiMonitorFilter.mm in Sources */,
				5834CC44189DF09E008D20CD /* BrightnessFilter.mm in Sources */,
				5834CC43189DF091008D20CD /* ImageFilterBase.mm in Sources */,
				DD4664BA18D5988C00D85832 /* FilterListViewController.mm in Sources */,
				DDCAF5E41876A80A001196D4 /* main.mm in Sources */,
				DDCAF5E81876A80A001196D4 /* AppDelegate.mm in Sources */,
				DDCAF5F41876A80A001196D4 /* ViewController.mm in Sources */,
				DD2959D618794B0C003EC0FD /* EditImageController.mm in Sources */,
				DD295A1E1879C385003EC0FD /* CollectionCell.mm in Sources */,
				DD4664B418D5958E00D85832 /* EmptySeque.mm in Sources */,
				DD979DB1188D4E9B00CF8C9E /* StampListViewController.mm in Sources */,
			);
			runOnlyForDeploymentPostprocessing = 0;
		};
		DDCAF5F51876A80A001196D4 /* Sources */ = {
			isa = PBXSourcesBuildPhase;
			buildActionMask = 2147483647;
			files = (
				DD979DB2188D4ED500CF8C9E /* StampListViewController.mm in Sources */,
				DD979DAE188D4D6400CF8C9E /* CollectionCell.mm in Sources */,
				DD2959DF187979B8003EC0FD /* EditImageController.mm in Sources */,
				DD2959DE187979AD003EC0FD /* ViewController.mm in Sources */,
				DD2959DD187979A8003EC0FD /* AppDelegate.mm in Sources */,
				DDCAF6091876A80A001196D4 /* WeddingCameraTests.m in Sources */,
				DD295A0918799A92003EC0FD /* ImageFilterBase.mm in Sources */,
				DD295A0B18799A92003EC0FD /* BrightnessFilter.mm in Sources */,
				DD295A0C18799A92003EC0FD /* GrayScaleFilter.mm in Sources */,
				DD295A0D18799A92003EC0FD /* SepiaFilter.mm in Sources */,
				DD295A0E18799A92003EC0FD /* MosaicFilter.mm in Sources */,
				DD295A0F18799A92003EC0FD /* FishEyeFilter.mm in Sources */,
				DD295A1018799A92003EC0FD /* GaussianFilter.mm in Sources */,
				DD295A1118799A92003EC0FD /* EdgeFindFilter.mm in Sources */,
				DD295A1218799A92003EC0FD /* FaceFindFilter.mm in Sources */,
				DD295A1318799A92003EC0FD /* MultiMonitorFilter.mm in Sources */,
			);
			runOnlyForDeploymentPostprocessing = 0;
		};
/* End PBXSourcesBuildPhase section */

/* Begin PBXTargetDependency section */
		DDCAF6001876A80A001196D4 /* PBXTargetDependency */ = {
			isa = PBXTargetDependency;
			target = DDCAF5D21876A80A001196D4 /* WeddingCamera */;
			targetProxy = DDCAF5FF1876A80A001196D4 /* PBXContainerItemProxy */;
		};
/* End PBXTargetDependency section */

/* Begin PBXVariantGroup section */
		DDCAF5E01876A80A001196D4 /* InfoPlist.strings */ = {
			isa = PBXVariantGroup;
			children = (
				DDCAF5E11876A80A001196D4 /* en */,
			);
			name = InfoPlist.strings;
			sourceTree = "<group>";
		};
		DDCAF5EF1876A80A001196D4 /* MainStoryboard.storyboard */ = {
			isa = PBXVariantGroup;
			children = (
				DDCAF5F01876A80A001196D4 /* en */,
			);
			name = MainStoryboard.storyboard;
			sourceTree = "<group>";
		};
		DDCAF6041876A80A001196D4 /* InfoPlist.strings */ = {
			isa = PBXVariantGroup;
			children = (
				DDCAF6051876A80A001196D4 /* en */,
			);
			name = InfoPlist.strings;
			sourceTree = "<group>";
		};
/* End PBXVariantGroup section */

/* Begin XCBuildConfiguration section */
		DDCAF60A1876A80A001196D4 /* Debug */ = {
			isa = XCBuildConfiguration;
			buildSettings = {
				ALWAYS_SEARCH_USER_PATHS = NO;
				CLANG_CXX_LANGUAGE_STANDARD = "gnu++0x";
				CLANG_CXX_LIBRARY = "libc++";
				CLANG_ENABLE_OBJC_ARC = YES;
				CLANG_WARN_EMPTY_BODY = YES;
				CLANG_WARN__DUPLICATE_METHOD_MATCH = YES;
				"CODE_SIGN_IDENTITY[sdk=iphoneos*]" = "iPhone Developer";
				COPY_PHASE_STRIP = NO;
				GCC_C_LANGUAGE_STANDARD = gnu99;
				GCC_DYNAMIC_NO_PIC = NO;
				GCC_OPTIMIZATION_LEVEL = 0;
				GCC_PREPROCESSOR_DEFINITIONS = (
					"DEBUG=1",
					"$(inherited)",
				);
				GCC_SYMBOLS_PRIVATE_EXTERN = NO;
				GCC_WARN_ABOUT_RETURN_TYPE = YES;
				GCC_WARN_UNINITIALIZED_AUTOS = YES;
				GCC_WARN_UNUSED_VARIABLE = YES;
				IPHONEOS_DEPLOYMENT_TARGET = 6.0;
				ONLY_ACTIVE_ARCH = YES;
				SDKROOT = iphoneos;
			};
			name = Debug;
		};
		DDCAF60B1876A80A001196D4 /* Release */ = {
			isa = XCBuildConfiguration;
			buildSettings = {
				ALWAYS_SEARCH_USER_PATHS = NO;
				CLANG_CXX_LANGUAGE_STANDARD = "gnu++0x";
				CLANG_CXX_LIBRARY = "libc++";
				CLANG_ENABLE_OBJC_ARC = YES;
				CLANG_WARN_EMPTY_BODY = YES;
				CLANG_WARN__DUPLICATE_METHOD_MATCH = YES;
				"CODE_SIGN_IDENTITY[sdk=iphoneos*]" = "iPhone Developer";
				COPY_PHASE_STRIP = YES;
				GCC_C_LANGUAGE_STANDARD = gnu99;
				GCC_WARN_ABOUT_RETURN_TYPE = YES;
				GCC_WARN_UNINITIALIZED_AUTOS = YES;
				GCC_WARN_UNUSED_VARIABLE = YES;
				IPHONEOS_DEPLOYMENT_TARGET = 6.0;
				OTHER_CFLAGS = "-DNS_BLOCK_ASSERTIONS=1";
				SDKROOT = iphoneos;
				VALIDATE_PRODUCT = YES;
			};
			name = Release;
		};
		DDCAF60D1876A80A001196D4 /* Debug */ = {
			isa = XCBuildConfiguration;
			buildSettings = {
				CLANG_CXX_LIBRARY = "libstdc++";
				CODE_SIGN_IDENTITY = "iPhone Developer";
				"CODE_SIGN_IDENTITY[sdk=iphoneos*]" = "iPhone Developer: Rie Ito (AY7T33R5L4)";
				FRAMEWORK_SEARCH_PATHS = /Users/ito.rie/syumi/WeddingCamera;
				GCC_PRECOMPILE_PREFIX_HEADER = YES;
				GCC_PREFIX_HEADER = "WeddingCamera/WeddingCamera-Prefix.pch";
				INFOPLIST_FILE = "WeddingCamera/WeddingCamera-Info.plist";
				IPHONEOS_DEPLOYMENT_TARGET = 6.0;
				LIBRARY_SEARCH_PATHS = /Users/ito.rie/syumi/;
				ONLY_ACTIVE_ARCH = NO;
				OTHER_LDFLAGS = (
					"-lstdc++",
					"-lz",
				);
				PRODUCT_NAME = "$(TARGET_NAME)";
				PROVISIONING_PROFILE = "";
				VALID_ARCHS = armv7;
				WRAPPER_EXTENSION = app;
			};
			name = Debug;
		};
		DDCAF60E1876A80A001196D4 /* Release */ = {
			isa = XCBuildConfiguration;
			buildSettings = {
				CLANG_CXX_LIBRARY = "libstdc++";
				CODE_SIGN_IDENTITY = "iPhone Developer";
				"CODE_SIGN_IDENTITY[sdk=iphoneos*]" = "iPhone Developer: Rie Ito (AY7T33R5L4)";
				FRAMEWORK_SEARCH_PATHS = /Users/ito.rie/syumi/WeddingCamera;
				GCC_PRECOMPILE_PREFIX_HEADER = YES;
				GCC_PREFIX_HEADER = "WeddingCamera/WeddingCamera-Prefix.pch";
				INFOPLIST_FILE = "WeddingCamera/WeddingCamera-Info.plist";
				IPHONEOS_DEPLOYMENT_TARGET = 6.0;
				LIBRARY_SEARCH_PATHS = /Users/ito.rie/syumi/;
				OTHER_LDFLAGS = (
					"-lstdc++",
					"-lz",
				);
				PRODUCT_NAME = "$(TARGET_NAME)";
				PROVISIONING_PROFILE = "";
				VALID_ARCHS = armv7;
				WRAPPER_EXTENSION = app;
			};
			name = Release;
		};
		DDCAF6101876A80A001196D4 /* Debug */ = {
			isa = XCBuildConfiguration;
			buildSettings = {
				BUNDLE_LOADER = "$(BUILT_PRODUCTS_DIR)/WeddingCamera.app/WeddingCamera";
				FRAMEWORK_SEARCH_PATHS = (
					"\"$(SDKROOT)/Developer/Library/Frameworks\"",
					"\"$(DEVELOPER_LIBRARY_DIR)/Frameworks\"",
				);
				GCC_PRECOMPILE_PREFIX_HEADER = YES;
				GCC_PREFIX_HEADER = "WeddingCamera/WeddingCamera-Prefix.pch";
				INFOPLIST_FILE = "WeddingCameraTests/WeddingCameraTests-Info.plist";
				PRODUCT_NAME = "$(TARGET_NAME)";
				TEST_HOST = "$(BUNDLE_LOADER)";
				WRAPPER_EXTENSION = octest;
			};
			name = Debug;
		};
		DDCAF6111876A80A001196D4 /* Release */ = {
			isa = XCBuildConfiguration;
			buildSettings = {
				BUNDLE_LOADER = "$(BUILT_PRODUCTS_DIR)/WeddingCamera.app/WeddingCamera";
				FRAMEWORK_SEARCH_PATHS = (
					"\"$(SDKROOT)/Developer/Library/Frameworks\"",
					"\"$(DEVELOPER_LIBRARY_DIR)/Frameworks\"",
				);
				GCC_PRECOMPILE_PREFIX_HEADER = YES;
				GCC_PREFIX_HEADER = "WeddingCamera/WeddingCamera-Prefix.pch";
				INFOPLIST_FILE = "WeddingCameraTests/WeddingCameraTests-Info.plist";
				PRODUCT_NAME = "$(TARGET_NAME)";
				TEST_HOST = "$(BUNDLE_LOADER)";
				WRAPPER_EXTENSION = octest;
			};
			name = Release;
		};
/* End XCBuildConfiguration section */

/* Begin XCConfigurationList section */
		DDCAF5CD1876A80A001196D4 /* Build configuration list for PBXProject "WeddingCamera" */ = {
			isa = XCConfigurationList;
			buildConfigurations = (
				DDCAF60A1876A80A001196D4 /* Debug */,
				DDCAF60B1876A80A001196D4 /* Release */,
			);
			defaultConfigurationIsVisible = 0;
			defaultConfigurationName = Release;
		};
		DDCAF60C1876A80A001196D4 /* Build configuration list for PBXNativeTarget "WeddingCamera" */ = {
			isa = XCConfigurationList;
			buildConfigurations = (
				DDCAF60D1876A80A001196D4 /* Debug */,
				DDCAF60E1876A80A001196D4 /* Release */,
			);
			defaultConfigurationIsVisible = 0;
			defaultConfigurationName = Release;
		};
		DDCAF60F1876A80A001196D4 /* Build configuration list for PBXNativeTarget "WeddingCameraTests" */ = {
			isa = XCConfigurationList;
			buildConfigurations = (
				DDCAF6101876A80A001196D4 /* Debug */,
				DDCAF6111876A80A001196D4 /* Release */,
			);
			defaultConfigurationIsVisible = 0;
			defaultConfigurationName = Release;
		};
/* End XCConfigurationList section */
	};
	rootObject = DDCAF5CA1876A80A001196D4 /* Project object */;
}
